### YamlMime:ManagedReference
items:
- uid: LunyScript.Blocks.TableVariableBlock
  commentId: T:LunyScript.Blocks.TableVariableBlock
  id: TableVariableBlock
  parent: LunyScript.Blocks
  children:
  - LunyScript.Blocks.TableVariableBlock.Name
  - LunyScript.Blocks.TableVariableBlock.ToString
  - LunyScript.Blocks.TableVariableBlock.Value
  langs:
  - csharp
  - vb
  name: TableVariableBlock
  nameWithType: TableVariableBlock
  fullName: LunyScript.Blocks.TableVariableBlock
  type: Class
  source:
    id: TableVariableBlock
    path: U:\LunyScratch\LunyScript_Examples_Unity\Packages\de.codesmile.lunyscript\LunyScript\Blocks\Variable\TableVariableBlock.cs
    startLine: 9
  assemblies:
  - LunyScript
  namespace: LunyScript.Blocks
  summary: Block that holds a reference to a script variable.
  example: []
  syntax:
    content: 'public sealed class TableVariableBlock : VariableBlock, IScriptBlock'
    content.vb: Public NotInheritable Class TableVariableBlock Inherits VariableBlock Implements IScriptBlock
  inheritance:
  - System.Object
  - LunyScript.Blocks.ScriptBlock
  - LunyScript.Blocks.ScriptConditionBlock
  - LunyScript.Blocks.VariableBlock
  implements:
  - LunyScript.Blocks.IScriptBlock
  inheritedMembers:
  - LunyScript.Blocks.VariableBlock.Equals(System.Object)
  - LunyScript.Blocks.VariableBlock.GetHashCode
  - LunyScript.Blocks.VariableBlock.Set(Luny.Variable)
  - LunyScript.Blocks.VariableBlock.Set(LunyScript.Blocks.VariableBlock)
  - LunyScript.Blocks.VariableBlock.Add(Luny.Variable)
  - LunyScript.Blocks.VariableBlock.Add(LunyScript.Blocks.VariableBlock)
  - LunyScript.Blocks.VariableBlock.Sub(Luny.Variable)
  - LunyScript.Blocks.VariableBlock.Sub(LunyScript.Blocks.VariableBlock)
  - LunyScript.Blocks.VariableBlock.Mul(Luny.Variable)
  - LunyScript.Blocks.VariableBlock.Mul(LunyScript.Blocks.VariableBlock)
  - LunyScript.Blocks.VariableBlock.Div(Luny.Variable)
  - LunyScript.Blocks.VariableBlock.Div(LunyScript.Blocks.VariableBlock)
  - LunyScript.Blocks.VariableBlock.Inc
  - LunyScript.Blocks.VariableBlock.Dec
  - LunyScript.Blocks.VariableBlock.Toggle
  - System.Object.Equals(System.Object,System.Object)
  - System.Object.GetType
  - System.Object.ReferenceEquals(System.Object,System.Object)
- uid: LunyScript.Blocks.TableVariableBlock.Name
  commentId: P:LunyScript.Blocks.TableVariableBlock.Name
  id: Name
  parent: LunyScript.Blocks.TableVariableBlock
  langs:
  - csharp
  - vb
  name: Name
  nameWithType: TableVariableBlock.Name
  fullName: LunyScript.Blocks.TableVariableBlock.Name
  type: Property
  source:
    id: Name
    path: U:\LunyScratch\LunyScript_Examples_Unity\Packages\de.codesmile.lunyscript\LunyScript\Blocks\Variable\TableVariableBlock.cs
    startLine: 15
  assemblies:
  - LunyScript
  namespace: LunyScript.Blocks
  syntax:
    content: public string Name { get; }
    parameters: []
    return:
      type: System.String
    content.vb: Public ReadOnly Property Name As String
  overload: LunyScript.Blocks.TableVariableBlock.Name*
- uid: LunyScript.Blocks.TableVariableBlock.Value
  commentId: P:LunyScript.Blocks.TableVariableBlock.Value
  id: Value
  parent: LunyScript.Blocks.TableVariableBlock
  langs:
  - csharp
  - vb
  name: Value
  nameWithType: TableVariableBlock.Value
  fullName: LunyScript.Blocks.TableVariableBlock.Value
  type: Property
  source:
    id: Value
    path: U:\LunyScratch\LunyScript_Examples_Unity\Packages\de.codesmile.lunyscript\LunyScript\Blocks\Variable\TableVariableBlock.cs
    startLine: 16
  assemblies:
  - LunyScript
  namespace: LunyScript.Blocks
  syntax:
    content: public Variable Value { get; }
    parameters: []
    return:
      type: Luny.Variable
    content.vb: Public ReadOnly Property Value As Variable
  overload: LunyScript.Blocks.TableVariableBlock.Value*
- uid: LunyScript.Blocks.TableVariableBlock.ToString
  commentId: M:LunyScript.Blocks.TableVariableBlock.ToString
  id: ToString
  parent: LunyScript.Blocks.TableVariableBlock
  langs:
  - csharp
  - vb
  name: ToString()
  nameWithType: TableVariableBlock.ToString()
  fullName: LunyScript.Blocks.TableVariableBlock.ToString()
  type: Method
  source:
    id: ToString
    path: U:\LunyScratch\LunyScript_Examples_Unity\Packages\de.codesmile.lunyscript\LunyScript\Blocks\Variable\TableVariableBlock.cs
    startLine: 28
  assemblies:
  - LunyScript
  namespace: LunyScript.Blocks
  example: []
  syntax:
    content: public override string ToString()
    return:
      type: System.String
    content.vb: Public Overrides Function ToString() As String
  overridden: System.Object.ToString
  overload: LunyScript.Blocks.TableVariableBlock.ToString*
references:
- uid: LunyScript.Blocks
  commentId: N:LunyScript.Blocks
  href: LunyScript.html
  name: LunyScript.Blocks
  nameWithType: LunyScript.Blocks
  fullName: LunyScript.Blocks
  spec.csharp:
  - uid: LunyScript
    name: LunyScript
    href: LunyScript.html
  - name: .
  - uid: LunyScript.Blocks
    name: Blocks
    href: LunyScript.Blocks.html
  spec.vb:
  - uid: LunyScript
    name: LunyScript
    href: LunyScript.html
  - name: .
  - uid: LunyScript.Blocks
    name: Blocks
    href: LunyScript.Blocks.html
- uid: System.Object
  commentId: T:System.Object
  parent: System
  isExternal: true
  href: https://learn.microsoft.com/dotnet/api/system.object
  name: object
  nameWithType: object
  fullName: object
  nameWithType.vb: Object
  fullName.vb: Object
  name.vb: Object
- uid: LunyScript.Blocks.ScriptBlock
  commentId: T:LunyScript.Blocks.ScriptBlock
  parent: LunyScript.Blocks
  href: LunyScript.Blocks.ScriptBlock.html
  name: ScriptBlock
  nameWithType: ScriptBlock
  fullName: LunyScript.Blocks.ScriptBlock
- uid: LunyScript.Blocks.ScriptConditionBlock
  commentId: T:LunyScript.Blocks.ScriptConditionBlock
  parent: LunyScript.Blocks
  href: LunyScript.Blocks.ScriptConditionBlock.html
  name: ScriptConditionBlock
  nameWithType: ScriptConditionBlock
  fullName: LunyScript.Blocks.ScriptConditionBlock
- uid: LunyScript.Blocks.VariableBlock
  commentId: T:LunyScript.Blocks.VariableBlock
  parent: LunyScript.Blocks
  href: LunyScript.Blocks.VariableBlock.html
  name: VariableBlock
  nameWithType: VariableBlock
  fullName: LunyScript.Blocks.VariableBlock
- uid: LunyScript.Blocks.IScriptBlock
  commentId: T:LunyScript.Blocks.IScriptBlock
  parent: LunyScript.Blocks
  href: LunyScript.Blocks.IScriptBlock.html
  name: IScriptBlock
  nameWithType: IScriptBlock
  fullName: LunyScript.Blocks.IScriptBlock
- uid: LunyScript.Blocks.VariableBlock.Equals(System.Object)
  commentId: M:LunyScript.Blocks.VariableBlock.Equals(System.Object)
  parent: LunyScript.Blocks.VariableBlock
  isExternal: true
  href: LunyScript.Blocks.VariableBlock.html#LunyScript_Blocks_VariableBlock_Equals_System_Object_
  name: Equals(object)
  nameWithType: VariableBlock.Equals(object)
  fullName: LunyScript.Blocks.VariableBlock.Equals(object)
  nameWithType.vb: VariableBlock.Equals(Object)
  fullName.vb: LunyScript.Blocks.VariableBlock.Equals(Object)
  name.vb: Equals(Object)
  spec.csharp:
  - uid: LunyScript.Blocks.VariableBlock.Equals(System.Object)
    name: Equals
    href: LunyScript.Blocks.VariableBlock.html#LunyScript_Blocks_VariableBlock_Equals_System_Object_
  - name: (
  - uid: System.Object
    name: object
    isExternal: true
    href: https://learn.microsoft.com/dotnet/api/system.object
  - name: )
  spec.vb:
  - uid: LunyScript.Blocks.VariableBlock.Equals(System.Object)
    name: Equals
    href: LunyScript.Blocks.VariableBlock.html#LunyScript_Blocks_VariableBlock_Equals_System_Object_
  - name: (
  - uid: System.Object
    name: Object
    isExternal: true
    href: https://learn.microsoft.com/dotnet/api/system.object
  - name: )
- uid: LunyScript.Blocks.VariableBlock.GetHashCode
  commentId: M:LunyScript.Blocks.VariableBlock.GetHashCode
  parent: LunyScript.Blocks.VariableBlock
  href: LunyScript.Blocks.VariableBlock.html#LunyScript_Blocks_VariableBlock_GetHashCode
  name: GetHashCode()
  nameWithType: VariableBlock.GetHashCode()
  fullName: LunyScript.Blocks.VariableBlock.GetHashCode()
  spec.csharp:
  - uid: LunyScript.Blocks.VariableBlock.GetHashCode
    name: GetHashCode
    href: LunyScript.Blocks.VariableBlock.html#LunyScript_Blocks_VariableBlock_GetHashCode
  - name: (
  - name: )
  spec.vb:
  - uid: LunyScript.Blocks.VariableBlock.GetHashCode
    name: GetHashCode
    href: LunyScript.Blocks.VariableBlock.html#LunyScript_Blocks_VariableBlock_GetHashCode
  - name: (
  - name: )
- uid: LunyScript.Blocks.VariableBlock.Set(Luny.Variable)
  commentId: M:LunyScript.Blocks.VariableBlock.Set(Luny.Variable)
  parent: LunyScript.Blocks.VariableBlock
  href: LunyScript.Blocks.VariableBlock.html#LunyScript_Blocks_VariableBlock_Set_Luny_Variable_
  name: Set(Variable)
  nameWithType: VariableBlock.Set(Variable)
  fullName: LunyScript.Blocks.VariableBlock.Set(Luny.Variable)
  spec.csharp:
  - uid: LunyScript.Blocks.VariableBlock.Set(Luny.Variable)
    name: Set
    href: LunyScript.Blocks.VariableBlock.html#LunyScript_Blocks_VariableBlock_Set_Luny_Variable_
  - name: (
  - uid: Luny.Variable
    name: Variable
    href: Luny.Variable.html
  - name: )
  spec.vb:
  - uid: LunyScript.Blocks.VariableBlock.Set(Luny.Variable)
    name: Set
    href: LunyScript.Blocks.VariableBlock.html#LunyScript_Blocks_VariableBlock_Set_Luny_Variable_
  - name: (
  - uid: Luny.Variable
    name: Variable
    href: Luny.Variable.html
  - name: )
- uid: LunyScript.Blocks.VariableBlock.Set(LunyScript.Blocks.VariableBlock)
  commentId: M:LunyScript.Blocks.VariableBlock.Set(LunyScript.Blocks.VariableBlock)
  parent: LunyScript.Blocks.VariableBlock
  href: LunyScript.Blocks.VariableBlock.html#LunyScript_Blocks_VariableBlock_Set_LunyScript_Blocks_VariableBlock_
  name: Set(VariableBlock)
  nameWithType: VariableBlock.Set(VariableBlock)
  fullName: LunyScript.Blocks.VariableBlock.Set(LunyScript.Blocks.VariableBlock)
  spec.csharp:
  - uid: LunyScript.Blocks.VariableBlock.Set(LunyScript.Blocks.VariableBlock)
    name: Set
    href: LunyScript.Blocks.VariableBlock.html#LunyScript_Blocks_VariableBlock_Set_LunyScript_Blocks_VariableBlock_
  - name: (
  - uid: LunyScript.Blocks.VariableBlock
    name: VariableBlock
    href: LunyScript.Blocks.VariableBlock.html
  - name: )
  spec.vb:
  - uid: LunyScript.Blocks.VariableBlock.Set(LunyScript.Blocks.VariableBlock)
    name: Set
    href: LunyScript.Blocks.VariableBlock.html#LunyScript_Blocks_VariableBlock_Set_LunyScript_Blocks_VariableBlock_
  - name: (
  - uid: LunyScript.Blocks.VariableBlock
    name: VariableBlock
    href: LunyScript.Blocks.VariableBlock.html
  - name: )
- uid: LunyScript.Blocks.VariableBlock.Add(Luny.Variable)
  commentId: M:LunyScript.Blocks.VariableBlock.Add(Luny.Variable)
  parent: LunyScript.Blocks.VariableBlock
  href: LunyScript.Blocks.VariableBlock.html#LunyScript_Blocks_VariableBlock_Add_Luny_Variable_
  name: Add(Variable)
  nameWithType: VariableBlock.Add(Variable)
  fullName: LunyScript.Blocks.VariableBlock.Add(Luny.Variable)
  spec.csharp:
  - uid: LunyScript.Blocks.VariableBlock.Add(Luny.Variable)
    name: Add
    href: LunyScript.Blocks.VariableBlock.html#LunyScript_Blocks_VariableBlock_Add_Luny_Variable_
  - name: (
  - uid: Luny.Variable
    name: Variable
    href: Luny.Variable.html
  - name: )
  spec.vb:
  - uid: LunyScript.Blocks.VariableBlock.Add(Luny.Variable)
    name: Add
    href: LunyScript.Blocks.VariableBlock.html#LunyScript_Blocks_VariableBlock_Add_Luny_Variable_
  - name: (
  - uid: Luny.Variable
    name: Variable
    href: Luny.Variable.html
  - name: )
- uid: LunyScript.Blocks.VariableBlock.Add(LunyScript.Blocks.VariableBlock)
  commentId: M:LunyScript.Blocks.VariableBlock.Add(LunyScript.Blocks.VariableBlock)
  parent: LunyScript.Blocks.VariableBlock
  href: LunyScript.Blocks.VariableBlock.html#LunyScript_Blocks_VariableBlock_Add_LunyScript_Blocks_VariableBlock_
  name: Add(VariableBlock)
  nameWithType: VariableBlock.Add(VariableBlock)
  fullName: LunyScript.Blocks.VariableBlock.Add(LunyScript.Blocks.VariableBlock)
  spec.csharp:
  - uid: LunyScript.Blocks.VariableBlock.Add(LunyScript.Blocks.VariableBlock)
    name: Add
    href: LunyScript.Blocks.VariableBlock.html#LunyScript_Blocks_VariableBlock_Add_LunyScript_Blocks_VariableBlock_
  - name: (
  - uid: LunyScript.Blocks.VariableBlock
    name: VariableBlock
    href: LunyScript.Blocks.VariableBlock.html
  - name: )
  spec.vb:
  - uid: LunyScript.Blocks.VariableBlock.Add(LunyScript.Blocks.VariableBlock)
    name: Add
    href: LunyScript.Blocks.VariableBlock.html#LunyScript_Blocks_VariableBlock_Add_LunyScript_Blocks_VariableBlock_
  - name: (
  - uid: LunyScript.Blocks.VariableBlock
    name: VariableBlock
    href: LunyScript.Blocks.VariableBlock.html
  - name: )
- uid: LunyScript.Blocks.VariableBlock.Sub(Luny.Variable)
  commentId: M:LunyScript.Blocks.VariableBlock.Sub(Luny.Variable)
  parent: LunyScript.Blocks.VariableBlock
  href: LunyScript.Blocks.VariableBlock.html#LunyScript_Blocks_VariableBlock_Sub_Luny_Variable_
  name: Sub(Variable)
  nameWithType: VariableBlock.Sub(Variable)
  fullName: LunyScript.Blocks.VariableBlock.Sub(Luny.Variable)
  spec.csharp:
  - uid: LunyScript.Blocks.VariableBlock.Sub(Luny.Variable)
    name: Sub
    href: LunyScript.Blocks.VariableBlock.html#LunyScript_Blocks_VariableBlock_Sub_Luny_Variable_
  - name: (
  - uid: Luny.Variable
    name: Variable
    href: Luny.Variable.html
  - name: )
  spec.vb:
  - uid: LunyScript.Blocks.VariableBlock.Sub(Luny.Variable)
    name: Sub
    href: LunyScript.Blocks.VariableBlock.html#LunyScript_Blocks_VariableBlock_Sub_Luny_Variable_
  - name: (
  - uid: Luny.Variable
    name: Variable
    href: Luny.Variable.html
  - name: )
- uid: LunyScript.Blocks.VariableBlock.Sub(LunyScript.Blocks.VariableBlock)
  commentId: M:LunyScript.Blocks.VariableBlock.Sub(LunyScript.Blocks.VariableBlock)
  parent: LunyScript.Blocks.VariableBlock
  href: LunyScript.Blocks.VariableBlock.html#LunyScript_Blocks_VariableBlock_Sub_LunyScript_Blocks_VariableBlock_
  name: Sub(VariableBlock)
  nameWithType: VariableBlock.Sub(VariableBlock)
  fullName: LunyScript.Blocks.VariableBlock.Sub(LunyScript.Blocks.VariableBlock)
  spec.csharp:
  - uid: LunyScript.Blocks.VariableBlock.Sub(LunyScript.Blocks.VariableBlock)
    name: Sub
    href: LunyScript.Blocks.VariableBlock.html#LunyScript_Blocks_VariableBlock_Sub_LunyScript_Blocks_VariableBlock_
  - name: (
  - uid: LunyScript.Blocks.VariableBlock
    name: VariableBlock
    href: LunyScript.Blocks.VariableBlock.html
  - name: )
  spec.vb:
  - uid: LunyScript.Blocks.VariableBlock.Sub(LunyScript.Blocks.VariableBlock)
    name: Sub
    href: LunyScript.Blocks.VariableBlock.html#LunyScript_Blocks_VariableBlock_Sub_LunyScript_Blocks_VariableBlock_
  - name: (
  - uid: LunyScript.Blocks.VariableBlock
    name: VariableBlock
    href: LunyScript.Blocks.VariableBlock.html
  - name: )
- uid: LunyScript.Blocks.VariableBlock.Mul(Luny.Variable)
  commentId: M:LunyScript.Blocks.VariableBlock.Mul(Luny.Variable)
  parent: LunyScript.Blocks.VariableBlock
  href: LunyScript.Blocks.VariableBlock.html#LunyScript_Blocks_VariableBlock_Mul_Luny_Variable_
  name: Mul(Variable)
  nameWithType: VariableBlock.Mul(Variable)
  fullName: LunyScript.Blocks.VariableBlock.Mul(Luny.Variable)
  spec.csharp:
  - uid: LunyScript.Blocks.VariableBlock.Mul(Luny.Variable)
    name: Mul
    href: LunyScript.Blocks.VariableBlock.html#LunyScript_Blocks_VariableBlock_Mul_Luny_Variable_
  - name: (
  - uid: Luny.Variable
    name: Variable
    href: Luny.Variable.html
  - name: )
  spec.vb:
  - uid: LunyScript.Blocks.VariableBlock.Mul(Luny.Variable)
    name: Mul
    href: LunyScript.Blocks.VariableBlock.html#LunyScript_Blocks_VariableBlock_Mul_Luny_Variable_
  - name: (
  - uid: Luny.Variable
    name: Variable
    href: Luny.Variable.html
  - name: )
- uid: LunyScript.Blocks.VariableBlock.Mul(LunyScript.Blocks.VariableBlock)
  commentId: M:LunyScript.Blocks.VariableBlock.Mul(LunyScript.Blocks.VariableBlock)
  parent: LunyScript.Blocks.VariableBlock
  href: LunyScript.Blocks.VariableBlock.html#LunyScript_Blocks_VariableBlock_Mul_LunyScript_Blocks_VariableBlock_
  name: Mul(VariableBlock)
  nameWithType: VariableBlock.Mul(VariableBlock)
  fullName: LunyScript.Blocks.VariableBlock.Mul(LunyScript.Blocks.VariableBlock)
  spec.csharp:
  - uid: LunyScript.Blocks.VariableBlock.Mul(LunyScript.Blocks.VariableBlock)
    name: Mul
    href: LunyScript.Blocks.VariableBlock.html#LunyScript_Blocks_VariableBlock_Mul_LunyScript_Blocks_VariableBlock_
  - name: (
  - uid: LunyScript.Blocks.VariableBlock
    name: VariableBlock
    href: LunyScript.Blocks.VariableBlock.html
  - name: )
  spec.vb:
  - uid: LunyScript.Blocks.VariableBlock.Mul(LunyScript.Blocks.VariableBlock)
    name: Mul
    href: LunyScript.Blocks.VariableBlock.html#LunyScript_Blocks_VariableBlock_Mul_LunyScript_Blocks_VariableBlock_
  - name: (
  - uid: LunyScript.Blocks.VariableBlock
    name: VariableBlock
    href: LunyScript.Blocks.VariableBlock.html
  - name: )
- uid: LunyScript.Blocks.VariableBlock.Div(Luny.Variable)
  commentId: M:LunyScript.Blocks.VariableBlock.Div(Luny.Variable)
  parent: LunyScript.Blocks.VariableBlock
  href: LunyScript.Blocks.VariableBlock.html#LunyScript_Blocks_VariableBlock_Div_Luny_Variable_
  name: Div(Variable)
  nameWithType: VariableBlock.Div(Variable)
  fullName: LunyScript.Blocks.VariableBlock.Div(Luny.Variable)
  spec.csharp:
  - uid: LunyScript.Blocks.VariableBlock.Div(Luny.Variable)
    name: Div
    href: LunyScript.Blocks.VariableBlock.html#LunyScript_Blocks_VariableBlock_Div_Luny_Variable_
  - name: (
  - uid: Luny.Variable
    name: Variable
    href: Luny.Variable.html
  - name: )
  spec.vb:
  - uid: LunyScript.Blocks.VariableBlock.Div(Luny.Variable)
    name: Div
    href: LunyScript.Blocks.VariableBlock.html#LunyScript_Blocks_VariableBlock_Div_Luny_Variable_
  - name: (
  - uid: Luny.Variable
    name: Variable
    href: Luny.Variable.html
  - name: )
- uid: LunyScript.Blocks.VariableBlock.Div(LunyScript.Blocks.VariableBlock)
  commentId: M:LunyScript.Blocks.VariableBlock.Div(LunyScript.Blocks.VariableBlock)
  parent: LunyScript.Blocks.VariableBlock
  href: LunyScript.Blocks.VariableBlock.html#LunyScript_Blocks_VariableBlock_Div_LunyScript_Blocks_VariableBlock_
  name: Div(VariableBlock)
  nameWithType: VariableBlock.Div(VariableBlock)
  fullName: LunyScript.Blocks.VariableBlock.Div(LunyScript.Blocks.VariableBlock)
  spec.csharp:
  - uid: LunyScript.Blocks.VariableBlock.Div(LunyScript.Blocks.VariableBlock)
    name: Div
    href: LunyScript.Blocks.VariableBlock.html#LunyScript_Blocks_VariableBlock_Div_LunyScript_Blocks_VariableBlock_
  - name: (
  - uid: LunyScript.Blocks.VariableBlock
    name: VariableBlock
    href: LunyScript.Blocks.VariableBlock.html
  - name: )
  spec.vb:
  - uid: LunyScript.Blocks.VariableBlock.Div(LunyScript.Blocks.VariableBlock)
    name: Div
    href: LunyScript.Blocks.VariableBlock.html#LunyScript_Blocks_VariableBlock_Div_LunyScript_Blocks_VariableBlock_
  - name: (
  - uid: LunyScript.Blocks.VariableBlock
    name: VariableBlock
    href: LunyScript.Blocks.VariableBlock.html
  - name: )
- uid: LunyScript.Blocks.VariableBlock.Inc
  commentId: M:LunyScript.Blocks.VariableBlock.Inc
  parent: LunyScript.Blocks.VariableBlock
  href: LunyScript.Blocks.VariableBlock.html#LunyScript_Blocks_VariableBlock_Inc
  name: Inc()
  nameWithType: VariableBlock.Inc()
  fullName: LunyScript.Blocks.VariableBlock.Inc()
  spec.csharp:
  - uid: LunyScript.Blocks.VariableBlock.Inc
    name: Inc
    href: LunyScript.Blocks.VariableBlock.html#LunyScript_Blocks_VariableBlock_Inc
  - name: (
  - name: )
  spec.vb:
  - uid: LunyScript.Blocks.VariableBlock.Inc
    name: Inc
    href: LunyScript.Blocks.VariableBlock.html#LunyScript_Blocks_VariableBlock_Inc
  - name: (
  - name: )
- uid: LunyScript.Blocks.VariableBlock.Dec
  commentId: M:LunyScript.Blocks.VariableBlock.Dec
  parent: LunyScript.Blocks.VariableBlock
  href: LunyScript.Blocks.VariableBlock.html#LunyScript_Blocks_VariableBlock_Dec
  name: Dec()
  nameWithType: VariableBlock.Dec()
  fullName: LunyScript.Blocks.VariableBlock.Dec()
  spec.csharp:
  - uid: LunyScript.Blocks.VariableBlock.Dec
    name: Dec
    href: LunyScript.Blocks.VariableBlock.html#LunyScript_Blocks_VariableBlock_Dec
  - name: (
  - name: )
  spec.vb:
  - uid: LunyScript.Blocks.VariableBlock.Dec
    name: Dec
    href: LunyScript.Blocks.VariableBlock.html#LunyScript_Blocks_VariableBlock_Dec
  - name: (
  - name: )
- uid: LunyScript.Blocks.VariableBlock.Toggle
  commentId: M:LunyScript.Blocks.VariableBlock.Toggle
  parent: LunyScript.Blocks.VariableBlock
  href: LunyScript.Blocks.VariableBlock.html#LunyScript_Blocks_VariableBlock_Toggle
  name: Toggle()
  nameWithType: VariableBlock.Toggle()
  fullName: LunyScript.Blocks.VariableBlock.Toggle()
  spec.csharp:
  - uid: LunyScript.Blocks.VariableBlock.Toggle
    name: Toggle
    href: LunyScript.Blocks.VariableBlock.html#LunyScript_Blocks_VariableBlock_Toggle
  - name: (
  - name: )
  spec.vb:
  - uid: LunyScript.Blocks.VariableBlock.Toggle
    name: Toggle
    href: LunyScript.Blocks.VariableBlock.html#LunyScript_Blocks_VariableBlock_Toggle
  - name: (
  - name: )
- uid: System.Object.Equals(System.Object,System.Object)
  commentId: M:System.Object.Equals(System.Object,System.Object)
  parent: System.Object
  isExternal: true
  href: https://learn.microsoft.com/dotnet/api/system.object.equals#system-object-equals(system-object-system-object)
  name: Equals(object, object)
  nameWithType: object.Equals(object, object)
  fullName: object.Equals(object, object)
  nameWithType.vb: Object.Equals(Object, Object)
  fullName.vb: Object.Equals(Object, Object)
  name.vb: Equals(Object, Object)
  spec.csharp:
  - uid: System.Object.Equals(System.Object,System.Object)
    name: Equals
    isExternal: true
    href: https://learn.microsoft.com/dotnet/api/system.object.equals#system-object-equals(system-object-system-object)
  - name: (
  - uid: System.Object
    name: object
    isExternal: true
    href: https://learn.microsoft.com/dotnet/api/system.object
  - name: ','
  - name: " "
  - uid: System.Object
    name: object
    isExternal: true
    href: https://learn.microsoft.com/dotnet/api/system.object
  - name: )
  spec.vb:
  - uid: System.Object.Equals(System.Object,System.Object)
    name: Equals
    isExternal: true
    href: https://learn.microsoft.com/dotnet/api/system.object.equals#system-object-equals(system-object-system-object)
  - name: (
  - uid: System.Object
    name: Object
    isExternal: true
    href: https://learn.microsoft.com/dotnet/api/system.object
  - name: ','
  - name: " "
  - uid: System.Object
    name: Object
    isExternal: true
    href: https://learn.microsoft.com/dotnet/api/system.object
  - name: )
- uid: System.Object.GetType
  commentId: M:System.Object.GetType
  parent: System.Object
  isExternal: true
  href: https://learn.microsoft.com/dotnet/api/system.object.gettype
  name: GetType()
  nameWithType: object.GetType()
  fullName: object.GetType()
  nameWithType.vb: Object.GetType()
  fullName.vb: Object.GetType()
  spec.csharp:
  - uid: System.Object.GetType
    name: GetType
    isExternal: true
    href: https://learn.microsoft.com/dotnet/api/system.object.gettype
  - name: (
  - name: )
  spec.vb:
  - uid: System.Object.GetType
    name: GetType
    isExternal: true
    href: https://learn.microsoft.com/dotnet/api/system.object.gettype
  - name: (
  - name: )
- uid: System.Object.ReferenceEquals(System.Object,System.Object)
  commentId: M:System.Object.ReferenceEquals(System.Object,System.Object)
  parent: System.Object
  isExternal: true
  href: https://learn.microsoft.com/dotnet/api/system.object.referenceequals
  name: ReferenceEquals(object, object)
  nameWithType: object.ReferenceEquals(object, object)
  fullName: object.ReferenceEquals(object, object)
  nameWithType.vb: Object.ReferenceEquals(Object, Object)
  fullName.vb: Object.ReferenceEquals(Object, Object)
  name.vb: ReferenceEquals(Object, Object)
  spec.csharp:
  - uid: System.Object.ReferenceEquals(System.Object,System.Object)
    name: ReferenceEquals
    isExternal: true
    href: https://learn.microsoft.com/dotnet/api/system.object.referenceequals
  - name: (
  - uid: System.Object
    name: object
    isExternal: true
    href: https://learn.microsoft.com/dotnet/api/system.object
  - name: ','
  - name: " "
  - uid: System.Object
    name: object
    isExternal: true
    href: https://learn.microsoft.com/dotnet/api/system.object
  - name: )
  spec.vb:
  - uid: System.Object.ReferenceEquals(System.Object,System.Object)
    name: ReferenceEquals
    isExternal: true
    href: https://learn.microsoft.com/dotnet/api/system.object.referenceequals
  - name: (
  - uid: System.Object
    name: Object
    isExternal: true
    href: https://learn.microsoft.com/dotnet/api/system.object
  - name: ','
  - name: " "
  - uid: System.Object
    name: Object
    isExternal: true
    href: https://learn.microsoft.com/dotnet/api/system.object
  - name: )
- uid: System
  commentId: N:System
  isExternal: true
  href: https://learn.microsoft.com/dotnet/api/system
  name: System
  nameWithType: System
  fullName: System
- uid: LunyScript.Blocks.TableVariableBlock.Name*
  commentId: Overload:LunyScript.Blocks.TableVariableBlock.Name
  href: LunyScript.Blocks.TableVariableBlock.html#LunyScript_Blocks_TableVariableBlock_Name
  name: Name
  nameWithType: TableVariableBlock.Name
  fullName: LunyScript.Blocks.TableVariableBlock.Name
- uid: System.String
  commentId: T:System.String
  parent: System
  isExternal: true
  href: https://learn.microsoft.com/dotnet/api/system.string
  name: string
  nameWithType: string
  fullName: string
  nameWithType.vb: String
  fullName.vb: String
  name.vb: String
- uid: LunyScript.Blocks.TableVariableBlock.Value*
  commentId: Overload:LunyScript.Blocks.TableVariableBlock.Value
  href: LunyScript.Blocks.TableVariableBlock.html#LunyScript_Blocks_TableVariableBlock_Value
  name: Value
  nameWithType: TableVariableBlock.Value
  fullName: LunyScript.Blocks.TableVariableBlock.Value
- uid: Luny.Variable
  commentId: T:Luny.Variable
  parent: Luny
  href: Luny.Variable.html
  name: Variable
  nameWithType: Variable
  fullName: Luny.Variable
- uid: Luny
  commentId: N:Luny
  href: Luny.html
  name: Luny
  nameWithType: Luny
  fullName: Luny
- uid: System.Object.ToString
  commentId: M:System.Object.ToString
  parent: System.Object
  isExternal: true
  href: https://learn.microsoft.com/dotnet/api/system.object.tostring
  name: ToString()
  nameWithType: object.ToString()
  fullName: object.ToString()
  nameWithType.vb: Object.ToString()
  fullName.vb: Object.ToString()
  spec.csharp:
  - uid: System.Object.ToString
    name: ToString
    isExternal: true
    href: https://learn.microsoft.com/dotnet/api/system.object.tostring
  - name: (
  - name: )
  spec.vb:
  - uid: System.Object.ToString
    name: ToString
    isExternal: true
    href: https://learn.microsoft.com/dotnet/api/system.object.tostring
  - name: (
  - name: )
- uid: LunyScript.Blocks.TableVariableBlock.ToString*
  commentId: Overload:LunyScript.Blocks.TableVariableBlock.ToString
  href: LunyScript.Blocks.TableVariableBlock.html#LunyScript_Blocks_TableVariableBlock_ToString
  name: ToString
  nameWithType: TableVariableBlock.ToString
  fullName: LunyScript.Blocks.TableVariableBlock.ToString
