### YamlMime:ManagedReference
items:
- uid: LunyScript.Blocks.ScriptActionBlock
  commentId: T:LunyScript.Blocks.ScriptActionBlock
  id: ScriptActionBlock
  parent: LunyScript.Blocks
  children:
  - LunyScript.Blocks.ScriptActionBlock.#ctor
  - LunyScript.Blocks.ScriptActionBlock.Execute(LunyScript.IScriptRuntimeContext)
  - LunyScript.Blocks.ScriptActionBlock.IsNullOrEmpty(LunyScript.Blocks.ScriptActionBlock[])
  langs:
  - csharp
  - vb
  name: ScriptActionBlock
  nameWithType: ScriptActionBlock
  fullName: LunyScript.Blocks.ScriptActionBlock
  type: Class
  assemblies:
  - LunyScript
  namespace: LunyScript.Blocks
  syntax:
    content: 'public abstract class ScriptActionBlock : ScriptBlock, IScriptBlock'
    content.vb: Public MustInherit Class ScriptActionBlock Inherits ScriptBlock Implements IScriptBlock
  inheritance:
  - System.Object
  - LunyScript.Blocks.ScriptBlock
  derivedClasses:
  - LunyScript.Blocks.IfBlock
  - LunyScript.Blocks.SequenceBlock
  - LunyScript.Blocks.TransformInterpolateBlock
  - LunyScript.Blocks.TransformPositionMoveByBlock
  - LunyScript.Blocks.TransformPositionMoveRelativeBlock
  - LunyScript.Blocks.TransformPositionSetLocalBlock
  - LunyScript.Blocks.TransformPositionSetWorldBlock
  - LunyScript.Blocks.TransformRotationLookAtBlock
  - LunyScript.Blocks.TransformRotationSetLocalBlock
  - LunyScript.Blocks.TransformRotationSetWorldBlock
  - LunyScript.Blocks.TransformScaleSetLocalBlock
  implements:
  - LunyScript.Blocks.IScriptBlock
- uid: LunyScript.Blocks.ScriptActionBlock.IsNullOrEmpty(LunyScript.Blocks.ScriptActionBlock[])
  commentId: M:LunyScript.Blocks.ScriptActionBlock.IsNullOrEmpty(LunyScript.Blocks.ScriptActionBlock[])
  id: IsNullOrEmpty(LunyScript.Blocks.ScriptActionBlock[])
  parent: LunyScript.Blocks.ScriptActionBlock
  langs:
  - csharp
  - vb
  name: IsNullOrEmpty(ScriptActionBlock[])
  nameWithType: ScriptActionBlock.IsNullOrEmpty(ScriptActionBlock[])
  fullName: LunyScript.Blocks.ScriptActionBlock.IsNullOrEmpty(LunyScript.Blocks.ScriptActionBlock[])
  type: Method
  assemblies:
  - LunyScript
  namespace: LunyScript.Blocks
  syntax:
    content: public static bool IsNullOrEmpty(ScriptActionBlock[] blocks)
    parameters:
    - id: blocks
      type: LunyScript.Blocks.ScriptActionBlock[]
    return:
      type: System.Boolean
    content.vb: Public Shared Function IsNullOrEmpty(blocks As ScriptActionBlock()) As Boolean
  overload: LunyScript.Blocks.ScriptActionBlock.IsNullOrEmpty*
  nameWithType.vb: ScriptActionBlock.IsNullOrEmpty(ScriptActionBlock())
  fullName.vb: LunyScript.Blocks.ScriptActionBlock.IsNullOrEmpty(LunyScript.Blocks.ScriptActionBlock())
  name.vb: IsNullOrEmpty(ScriptActionBlock())
- uid: LunyScript.Blocks.ScriptActionBlock.Execute(LunyScript.IScriptRuntimeContext)
  commentId: M:LunyScript.Blocks.ScriptActionBlock.Execute(LunyScript.IScriptRuntimeContext)
  id: Execute(LunyScript.IScriptRuntimeContext)
  parent: LunyScript.Blocks.ScriptActionBlock
  langs:
  - csharp
  - vb
  name: Execute(IScriptRuntimeContext)
  nameWithType: ScriptActionBlock.Execute(IScriptRuntimeContext)
  fullName: LunyScript.Blocks.ScriptActionBlock.Execute(LunyScript.IScriptRuntimeContext)
  type: Method
  assemblies:
  - LunyScript
  namespace: LunyScript.Blocks
  syntax:
    content: protected abstract void Execute(IScriptRuntimeContext runtimeContext)
    parameters:
    - id: runtimeContext
      type: LunyScript.IScriptRuntimeContext
    content.vb: Protected MustOverride Sub Execute(runtimeContext As IScriptRuntimeContext)
  overload: LunyScript.Blocks.ScriptActionBlock.Execute*
- uid: LunyScript.Blocks.ScriptActionBlock.#ctor
  commentId: M:LunyScript.Blocks.ScriptActionBlock.#ctor
  id: '#ctor'
  parent: LunyScript.Blocks.ScriptActionBlock
  langs:
  - csharp
  - vb
  name: ScriptActionBlock()
  nameWithType: ScriptActionBlock.ScriptActionBlock()
  fullName: LunyScript.Blocks.ScriptActionBlock.ScriptActionBlock()
  type: Constructor
  assemblies:
  - LunyScript
  namespace: LunyScript.Blocks
  syntax:
    content: protected ScriptActionBlock()
    content.vb: Protected Sub New()
  overload: LunyScript.Blocks.ScriptActionBlock.#ctor*
  nameWithType.vb: ScriptActionBlock.New()
  fullName.vb: LunyScript.Blocks.ScriptActionBlock.New()
  name.vb: New()
references:
- uid: LunyScript.Blocks
  commentId: N:LunyScript.Blocks
  isExternal: true
  href: LunyScript.html
  name: LunyScript.Blocks
  nameWithType: LunyScript.Blocks
  fullName: LunyScript.Blocks
  spec.csharp:
  - uid: LunyScript
    name: LunyScript
    isExternal: true
    href: LunyScript.html
  - name: .
  - uid: LunyScript.Blocks
    name: Blocks
    isExternal: true
    href: LunyScript.Blocks.html
  spec.vb:
  - uid: LunyScript
    name: LunyScript
    isExternal: true
    href: LunyScript.html
  - name: .
  - uid: LunyScript.Blocks
    name: Blocks
    isExternal: true
    href: LunyScript.Blocks.html
- uid: System.Object
  commentId: T:System.Object
  parent: System
  isExternal: true
  name: object
  nameWithType: object
  fullName: object
  nameWithType.vb: Object
  fullName.vb: Object
  name.vb: Object
- uid: LunyScript.Blocks.ScriptBlock
  commentId: T:LunyScript.Blocks.ScriptBlock
  parent: LunyScript.Blocks
  isExternal: true
  href: LunyScript.Blocks.ScriptBlock.html
  name: ScriptBlock
  nameWithType: ScriptBlock
  fullName: LunyScript.Blocks.ScriptBlock
- uid: LunyScript.Blocks.IScriptBlock
  commentId: T:LunyScript.Blocks.IScriptBlock
  parent: LunyScript.Blocks
  isExternal: true
  href: LunyScript.Blocks.IScriptBlock.html
  name: IScriptBlock
  nameWithType: IScriptBlock
  fullName: LunyScript.Blocks.IScriptBlock
- uid: System
  commentId: N:System
  isExternal: true
  href: https://learn.microsoft.com/dotnet/api/system
  name: System
  nameWithType: System
  fullName: System
- uid: LunyScript.Blocks.ScriptActionBlock.IsNullOrEmpty*
  commentId: Overload:LunyScript.Blocks.ScriptActionBlock.IsNullOrEmpty
  isExternal: true
  href: LunyScript.Blocks.ScriptActionBlock.html#LunyScript_Blocks_ScriptActionBlock_IsNullOrEmpty_LunyScript_Blocks_ScriptActionBlock___
  name: IsNullOrEmpty
  nameWithType: ScriptActionBlock.IsNullOrEmpty
  fullName: LunyScript.Blocks.ScriptActionBlock.IsNullOrEmpty
- uid: LunyScript.Blocks.ScriptActionBlock[]
  isExternal: true
  href: LunyScript.Blocks.ScriptActionBlock.html
  name: ScriptActionBlock[]
  nameWithType: ScriptActionBlock[]
  fullName: LunyScript.Blocks.ScriptActionBlock[]
  nameWithType.vb: ScriptActionBlock()
  fullName.vb: LunyScript.Blocks.ScriptActionBlock()
  name.vb: ScriptActionBlock()
  spec.csharp:
  - uid: LunyScript.Blocks.ScriptActionBlock
    name: ScriptActionBlock
    isExternal: true
    href: LunyScript.Blocks.ScriptActionBlock.html
  - name: '['
  - name: ']'
  spec.vb:
  - uid: LunyScript.Blocks.ScriptActionBlock
    name: ScriptActionBlock
    isExternal: true
    href: LunyScript.Blocks.ScriptActionBlock.html
  - name: (
  - name: )
- uid: System.Boolean
  commentId: T:System.Boolean
  parent: System
  isExternal: true
  href: https://learn.microsoft.com/dotnet/api/system.boolean
  name: bool
  nameWithType: bool
  fullName: bool
  nameWithType.vb: Boolean
  fullName.vb: Boolean
  name.vb: Boolean
- uid: LunyScript.Blocks.ScriptActionBlock.Execute*
  commentId: Overload:LunyScript.Blocks.ScriptActionBlock.Execute
  isExternal: true
  href: LunyScript.Blocks.ScriptActionBlock.html#LunyScript_Blocks_ScriptActionBlock_Execute_LunyScript_IScriptRuntimeContext_
  name: Execute
  nameWithType: ScriptActionBlock.Execute
  fullName: LunyScript.Blocks.ScriptActionBlock.Execute
- uid: LunyScript.IScriptRuntimeContext
  commentId: T:LunyScript.IScriptRuntimeContext
  parent: LunyScript
  isExternal: true
  href: LunyScript.IScriptRuntimeContext.html
  name: IScriptRuntimeContext
  nameWithType: IScriptRuntimeContext
  fullName: LunyScript.IScriptRuntimeContext
- uid: LunyScript
  commentId: N:LunyScript
  isExternal: true
  href: LunyScript.html
  name: LunyScript
  nameWithType: LunyScript
  fullName: LunyScript
- uid: LunyScript.Blocks.ScriptActionBlock.#ctor*
  commentId: Overload:LunyScript.Blocks.ScriptActionBlock.#ctor
  isExternal: true
  href: LunyScript.Blocks.ScriptActionBlock.html#LunyScript_Blocks_ScriptActionBlock__ctor
  name: ScriptActionBlock
  nameWithType: ScriptActionBlock.ScriptActionBlock
  fullName: LunyScript.Blocks.ScriptActionBlock.ScriptActionBlock
  nameWithType.vb: ScriptActionBlock.New
  fullName.vb: LunyScript.Blocks.ScriptActionBlock.New
  name.vb: New
