### YamlMime:ManagedReference
items:
- uid: LunyScript.Blocks.TransformInterpolateTowardsObjectBlock
  commentId: T:LunyScript.Blocks.TransformInterpolateTowardsObjectBlock
  id: TransformInterpolateTowardsObjectBlock
  parent: LunyScript.Blocks
  children:
  - LunyScript.Blocks.TransformInterpolateTowardsObjectBlock.#ctor(Luny.Engine.Bridge.ILunyObject,System.Double,System.Double,Luny.Engine.Bridge.LunyVector3,System.Double)
  - LunyScript.Blocks.TransformInterpolateTowardsObjectBlock.Target
  - LunyScript.Blocks.TransformInterpolateTowardsObjectBlock.TowardsObjectToString
  - LunyScript.Blocks.TransformInterpolateTowardsObjectBlock.TryGetPositionDelta(LunyScript.IScriptRuntimeContext,Luny.Engine.Bridge.LunyVector3@,Luny.Engine.Bridge.LunyVector3@)
  - LunyScript.Blocks.TransformInterpolateTowardsObjectBlock.TryGetTargetRotation(LunyScript.IScriptRuntimeContext,Luny.Engine.Bridge.LunyQuaternion@,Luny.Engine.Bridge.LunyQuaternion@)
  langs:
  - csharp
  - vb
  name: TransformInterpolateTowardsObjectBlock
  nameWithType: TransformInterpolateTowardsObjectBlock
  fullName: LunyScript.Blocks.TransformInterpolateTowardsObjectBlock
  type: Class
  assemblies:
  - LunyScript
  namespace: LunyScript.Blocks
  summary: >-
    Abstract base for Towards blocks whose target is an <xref href="Luny.Engine.Bridge.ILunyObject" data-throw-if-not-resolved="false"></xref> in the scene

    (Move and Rotate towards).
  example: []
  syntax:
    content: 'public abstract class TransformInterpolateTowardsObjectBlock : TransformInterpolateBlock, IScriptBlock'
    content.vb: Public MustInherit Class TransformInterpolateTowardsObjectBlock Inherits TransformInterpolateBlock Implements IScriptBlock
  inheritance:
  - System.Object
  - LunyScript.Blocks.ScriptBlock
  - LunyScript.Blocks.ScriptActionBlock
  - LunyScript.Blocks.TransformInterpolateBlock
  derivedClasses:
  - LunyScript.Blocks.TransformPositionLerpTowardsObjectBlock
  - LunyScript.Blocks.TransformPositionLinearTowardsObjectBlock
  - LunyScript.Blocks.TransformRotationLerpTowardsObjectBlock
  - LunyScript.Blocks.TransformRotationLinearTowardsObjectBlock
  implements:
  - LunyScript.Blocks.IScriptBlock
  inheritedMembers:
  - LunyScript.Blocks.TransformInterpolateBlock.Speed
  - LunyScript.Blocks.TransformInterpolateBlock.DeadZone
  - LunyScript.Blocks.TransformInterpolateBlock.AxisLock
  - LunyScript.Blocks.TransformInterpolateBlock.Responsiveness
  - LunyScript.Blocks.TransformInterpolateBlock.ComputeStep
  - LunyScript.Blocks.TransformInterpolateBlock.TowardsToString
  - LunyScript.Blocks.ScriptActionBlock.IsNullOrEmpty(LunyScript.Blocks.ScriptActionBlock[])
  - LunyScript.Blocks.ScriptActionBlock.Execute(LunyScript.IScriptRuntimeContext)
- uid: LunyScript.Blocks.TransformInterpolateTowardsObjectBlock.Target
  commentId: F:LunyScript.Blocks.TransformInterpolateTowardsObjectBlock.Target
  id: Target
  parent: LunyScript.Blocks.TransformInterpolateTowardsObjectBlock
  langs:
  - csharp
  - vb
  name: Target
  nameWithType: TransformInterpolateTowardsObjectBlock.Target
  fullName: LunyScript.Blocks.TransformInterpolateTowardsObjectBlock.Target
  type: Field
  assemblies:
  - LunyScript
  namespace: LunyScript.Blocks
  syntax:
    content: protected readonly ILunyObject Target
    return:
      type: Luny.Engine.Bridge.ILunyObject
    content.vb: Protected ReadOnly Target As ILunyObject
- uid: LunyScript.Blocks.TransformInterpolateTowardsObjectBlock.#ctor(Luny.Engine.Bridge.ILunyObject,System.Double,System.Double,Luny.Engine.Bridge.LunyVector3,System.Double)
  commentId: M:LunyScript.Blocks.TransformInterpolateTowardsObjectBlock.#ctor(Luny.Engine.Bridge.ILunyObject,System.Double,System.Double,Luny.Engine.Bridge.LunyVector3,System.Double)
  id: '#ctor(Luny.Engine.Bridge.ILunyObject,System.Double,System.Double,Luny.Engine.Bridge.LunyVector3,System.Double)'
  parent: LunyScript.Blocks.TransformInterpolateTowardsObjectBlock
  langs:
  - csharp
  - vb
  name: TransformInterpolateTowardsObjectBlock(ILunyObject, double, double, LunyVector3, double)
  nameWithType: TransformInterpolateTowardsObjectBlock.TransformInterpolateTowardsObjectBlock(ILunyObject, double, double, LunyVector3, double)
  fullName: LunyScript.Blocks.TransformInterpolateTowardsObjectBlock.TransformInterpolateTowardsObjectBlock(Luny.Engine.Bridge.ILunyObject, double, double, Luny.Engine.Bridge.LunyVector3, double)
  type: Constructor
  assemblies:
  - LunyScript
  namespace: LunyScript.Blocks
  syntax:
    content: protected TransformInterpolateTowardsObjectBlock(ILunyObject target, double speed, double deadZone, LunyVector3 axisLock, double responsiveness)
    parameters:
    - id: target
      type: Luny.Engine.Bridge.ILunyObject
    - id: speed
      type: System.Double
    - id: deadZone
      type: System.Double
    - id: axisLock
      type: Luny.Engine.Bridge.LunyVector3
    - id: responsiveness
      type: System.Double
    content.vb: Protected Sub New(target As ILunyObject, speed As Double, deadZone As Double, axisLock As LunyVector3, responsiveness As Double)
  overload: LunyScript.Blocks.TransformInterpolateTowardsObjectBlock.#ctor*
  nameWithType.vb: TransformInterpolateTowardsObjectBlock.New(ILunyObject, Double, Double, LunyVector3, Double)
  fullName.vb: LunyScript.Blocks.TransformInterpolateTowardsObjectBlock.New(Luny.Engine.Bridge.ILunyObject, Double, Double, Luny.Engine.Bridge.LunyVector3, Double)
  name.vb: New(ILunyObject, Double, Double, LunyVector3, Double)
- uid: LunyScript.Blocks.TransformInterpolateTowardsObjectBlock.TryGetPositionDelta(LunyScript.IScriptRuntimeContext,Luny.Engine.Bridge.LunyVector3@,Luny.Engine.Bridge.LunyVector3@)
  commentId: M:LunyScript.Blocks.TransformInterpolateTowardsObjectBlock.TryGetPositionDelta(LunyScript.IScriptRuntimeContext,Luny.Engine.Bridge.LunyVector3@,Luny.Engine.Bridge.LunyVector3@)
  id: TryGetPositionDelta(LunyScript.IScriptRuntimeContext,Luny.Engine.Bridge.LunyVector3@,Luny.Engine.Bridge.LunyVector3@)
  parent: LunyScript.Blocks.TransformInterpolateTowardsObjectBlock
  langs:
  - csharp
  - vb
  name: TryGetPositionDelta(IScriptRuntimeContext, out LunyVector3, out LunyVector3)
  nameWithType: TransformInterpolateTowardsObjectBlock.TryGetPositionDelta(IScriptRuntimeContext, out LunyVector3, out LunyVector3)
  fullName: LunyScript.Blocks.TransformInterpolateTowardsObjectBlock.TryGetPositionDelta(LunyScript.IScriptRuntimeContext, out Luny.Engine.Bridge.LunyVector3, out Luny.Engine.Bridge.LunyVector3)
  type: Method
  assemblies:
  - LunyScript
  namespace: LunyScript.Blocks
  summary: >-
    Computes the axis-masked position delta and masked target position.

    Returns false (and skips) when the distance is within the dead zone.
  example: []
  syntax:
    content: protected bool TryGetPositionDelta(IScriptRuntimeContext ctx, out LunyVector3 current, out LunyVector3 maskedTarget)
    parameters:
    - id: ctx
      type: LunyScript.IScriptRuntimeContext
    - id: current
      type: Luny.Engine.Bridge.LunyVector3
    - id: maskedTarget
      type: Luny.Engine.Bridge.LunyVector3
    return:
      type: System.Boolean
    content.vb: Protected Function TryGetPositionDelta(ctx As IScriptRuntimeContext, current As LunyVector3, maskedTarget As LunyVector3) As Boolean
  overload: LunyScript.Blocks.TransformInterpolateTowardsObjectBlock.TryGetPositionDelta*
  nameWithType.vb: TransformInterpolateTowardsObjectBlock.TryGetPositionDelta(IScriptRuntimeContext, LunyVector3, LunyVector3)
  fullName.vb: LunyScript.Blocks.TransformInterpolateTowardsObjectBlock.TryGetPositionDelta(LunyScript.IScriptRuntimeContext, Luny.Engine.Bridge.LunyVector3, Luny.Engine.Bridge.LunyVector3)
  name.vb: TryGetPositionDelta(IScriptRuntimeContext, LunyVector3, LunyVector3)
- uid: LunyScript.Blocks.TransformInterpolateTowardsObjectBlock.TryGetTargetRotation(LunyScript.IScriptRuntimeContext,Luny.Engine.Bridge.LunyQuaternion@,Luny.Engine.Bridge.LunyQuaternion@)
  commentId: M:LunyScript.Blocks.TransformInterpolateTowardsObjectBlock.TryGetTargetRotation(LunyScript.IScriptRuntimeContext,Luny.Engine.Bridge.LunyQuaternion@,Luny.Engine.Bridge.LunyQuaternion@)
  id: TryGetTargetRotation(LunyScript.IScriptRuntimeContext,Luny.Engine.Bridge.LunyQuaternion@,Luny.Engine.Bridge.LunyQuaternion@)
  parent: LunyScript.Blocks.TransformInterpolateTowardsObjectBlock
  langs:
  - csharp
  - vb
  name: TryGetTargetRotation(IScriptRuntimeContext, out LunyQuaternion, out LunyQuaternion)
  nameWithType: TransformInterpolateTowardsObjectBlock.TryGetTargetRotation(IScriptRuntimeContext, out LunyQuaternion, out LunyQuaternion)
  fullName: LunyScript.Blocks.TransformInterpolateTowardsObjectBlock.TryGetTargetRotation(LunyScript.IScriptRuntimeContext, out Luny.Engine.Bridge.LunyQuaternion, out Luny.Engine.Bridge.LunyQuaternion)
  type: Method
  assemblies:
  - LunyScript
  namespace: LunyScript.Blocks
  summary: >-
    Computes the target rotation from the direction toward the target object.

    Returns false (and skips) when the direction is zero or the angle is within the dead zone.
  example: []
  syntax:
    content: protected bool TryGetTargetRotation(IScriptRuntimeContext ctx, out LunyQuaternion currentRotation, out LunyQuaternion targetRotation)
    parameters:
    - id: ctx
      type: LunyScript.IScriptRuntimeContext
    - id: currentRotation
      type: Luny.Engine.Bridge.LunyQuaternion
    - id: targetRotation
      type: Luny.Engine.Bridge.LunyQuaternion
    return:
      type: System.Boolean
    content.vb: Protected Function TryGetTargetRotation(ctx As IScriptRuntimeContext, currentRotation As LunyQuaternion, targetRotation As LunyQuaternion) As Boolean
  overload: LunyScript.Blocks.TransformInterpolateTowardsObjectBlock.TryGetTargetRotation*
  nameWithType.vb: TransformInterpolateTowardsObjectBlock.TryGetTargetRotation(IScriptRuntimeContext, LunyQuaternion, LunyQuaternion)
  fullName.vb: LunyScript.Blocks.TransformInterpolateTowardsObjectBlock.TryGetTargetRotation(LunyScript.IScriptRuntimeContext, Luny.Engine.Bridge.LunyQuaternion, Luny.Engine.Bridge.LunyQuaternion)
  name.vb: TryGetTargetRotation(IScriptRuntimeContext, LunyQuaternion, LunyQuaternion)
- uid: LunyScript.Blocks.TransformInterpolateTowardsObjectBlock.TowardsObjectToString
  commentId: M:LunyScript.Blocks.TransformInterpolateTowardsObjectBlock.TowardsObjectToString
  id: TowardsObjectToString
  parent: LunyScript.Blocks.TransformInterpolateTowardsObjectBlock
  langs:
  - csharp
  - vb
  name: TowardsObjectToString()
  nameWithType: TransformInterpolateTowardsObjectBlock.TowardsObjectToString()
  fullName: LunyScript.Blocks.TransformInterpolateTowardsObjectBlock.TowardsObjectToString()
  type: Method
  assemblies:
  - LunyScript
  namespace: LunyScript.Blocks
  syntax:
    content: protected string TowardsObjectToString()
    return:
      type: System.String
    content.vb: Protected Function TowardsObjectToString() As String
  overload: LunyScript.Blocks.TransformInterpolateTowardsObjectBlock.TowardsObjectToString*
references:
- uid: Luny.Engine.Bridge.ILunyObject
  commentId: T:Luny.Engine.Bridge.ILunyObject
  parent: Luny.Engine.Bridge
  isExternal: true
  href: Luny.Engine.Bridge.ILunyObject.html
  name: ILunyObject
  nameWithType: ILunyObject
  fullName: Luny.Engine.Bridge.ILunyObject
- uid: LunyScript.Blocks
  commentId: N:LunyScript.Blocks
  isExternal: true
  href: LunyScript.html
  name: LunyScript.Blocks
  nameWithType: LunyScript.Blocks
  fullName: LunyScript.Blocks
  spec.csharp:
  - uid: LunyScript
    name: LunyScript
    isExternal: true
    href: LunyScript.html
  - name: .
  - uid: LunyScript.Blocks
    name: Blocks
    isExternal: true
    href: LunyScript.Blocks.html
  spec.vb:
  - uid: LunyScript
    name: LunyScript
    isExternal: true
    href: LunyScript.html
  - name: .
  - uid: LunyScript.Blocks
    name: Blocks
    isExternal: true
    href: LunyScript.Blocks.html
- uid: System.Object
  commentId: T:System.Object
  parent: System
  isExternal: true
  name: object
  nameWithType: object
  fullName: object
  nameWithType.vb: Object
  fullName.vb: Object
  name.vb: Object
- uid: LunyScript.Blocks.ScriptBlock
  commentId: T:LunyScript.Blocks.ScriptBlock
  parent: LunyScript.Blocks
  isExternal: true
  href: LunyScript.Blocks.ScriptBlock.html
  name: ScriptBlock
  nameWithType: ScriptBlock
  fullName: LunyScript.Blocks.ScriptBlock
- uid: LunyScript.Blocks.ScriptActionBlock
  commentId: T:LunyScript.Blocks.ScriptActionBlock
  parent: LunyScript.Blocks
  isExternal: true
  href: LunyScript.Blocks.ScriptActionBlock.html
  name: ScriptActionBlock
  nameWithType: ScriptActionBlock
  fullName: LunyScript.Blocks.ScriptActionBlock
- uid: LunyScript.Blocks.TransformInterpolateBlock
  commentId: T:LunyScript.Blocks.TransformInterpolateBlock
  parent: LunyScript.Blocks
  isExternal: true
  href: LunyScript.Blocks.TransformInterpolateBlock.html
  name: TransformInterpolateBlock
  nameWithType: TransformInterpolateBlock
  fullName: LunyScript.Blocks.TransformInterpolateBlock
- uid: LunyScript.Blocks.IScriptBlock
  commentId: T:LunyScript.Blocks.IScriptBlock
  parent: LunyScript.Blocks
  isExternal: true
  href: LunyScript.Blocks.IScriptBlock.html
  name: IScriptBlock
  nameWithType: IScriptBlock
  fullName: LunyScript.Blocks.IScriptBlock
- uid: LunyScript.Blocks.TransformInterpolateBlock.Speed
  commentId: F:LunyScript.Blocks.TransformInterpolateBlock.Speed
  parent: LunyScript.Blocks.TransformInterpolateBlock
  isExternal: true
  href: LunyScript.Blocks.TransformInterpolateBlock.html#LunyScript_Blocks_TransformInterpolateBlock_Speed
  name: Speed
  nameWithType: TransformInterpolateBlock.Speed
  fullName: LunyScript.Blocks.TransformInterpolateBlock.Speed
- uid: LunyScript.Blocks.TransformInterpolateBlock.DeadZone
  commentId: F:LunyScript.Blocks.TransformInterpolateBlock.DeadZone
  parent: LunyScript.Blocks.TransformInterpolateBlock
  isExternal: true
  href: LunyScript.Blocks.TransformInterpolateBlock.html#LunyScript_Blocks_TransformInterpolateBlock_DeadZone
  name: DeadZone
  nameWithType: TransformInterpolateBlock.DeadZone
  fullName: LunyScript.Blocks.TransformInterpolateBlock.DeadZone
- uid: LunyScript.Blocks.TransformInterpolateBlock.AxisLock
  commentId: F:LunyScript.Blocks.TransformInterpolateBlock.AxisLock
  parent: LunyScript.Blocks.TransformInterpolateBlock
  isExternal: true
  href: LunyScript.Blocks.TransformInterpolateBlock.html#LunyScript_Blocks_TransformInterpolateBlock_AxisLock
  name: AxisLock
  nameWithType: TransformInterpolateBlock.AxisLock
  fullName: LunyScript.Blocks.TransformInterpolateBlock.AxisLock
- uid: LunyScript.Blocks.TransformInterpolateBlock.Responsiveness
  commentId: F:LunyScript.Blocks.TransformInterpolateBlock.Responsiveness
  parent: LunyScript.Blocks.TransformInterpolateBlock
  isExternal: true
  href: LunyScript.Blocks.TransformInterpolateBlock.html#LunyScript_Blocks_TransformInterpolateBlock_Responsiveness
  name: Responsiveness
  nameWithType: TransformInterpolateBlock.Responsiveness
  fullName: LunyScript.Blocks.TransformInterpolateBlock.Responsiveness
- uid: LunyScript.Blocks.TransformInterpolateBlock.ComputeStep
  commentId: M:LunyScript.Blocks.TransformInterpolateBlock.ComputeStep
  parent: LunyScript.Blocks.TransformInterpolateBlock
  isExternal: true
  href: LunyScript.Blocks.TransformInterpolateBlock.html#LunyScript_Blocks_TransformInterpolateBlock_ComputeStep
  name: ComputeStep()
  nameWithType: TransformInterpolateBlock.ComputeStep()
  fullName: LunyScript.Blocks.TransformInterpolateBlock.ComputeStep()
  spec.csharp:
  - uid: LunyScript.Blocks.TransformInterpolateBlock.ComputeStep
    name: ComputeStep
    isExternal: true
    href: LunyScript.Blocks.TransformInterpolateBlock.html#LunyScript_Blocks_TransformInterpolateBlock_ComputeStep
  - name: (
  - name: )
  spec.vb:
  - uid: LunyScript.Blocks.TransformInterpolateBlock.ComputeStep
    name: ComputeStep
    isExternal: true
    href: LunyScript.Blocks.TransformInterpolateBlock.html#LunyScript_Blocks_TransformInterpolateBlock_ComputeStep
  - name: (
  - name: )
- uid: LunyScript.Blocks.TransformInterpolateBlock.TowardsToString
  commentId: M:LunyScript.Blocks.TransformInterpolateBlock.TowardsToString
  parent: LunyScript.Blocks.TransformInterpolateBlock
  isExternal: true
  href: LunyScript.Blocks.TransformInterpolateBlock.html#LunyScript_Blocks_TransformInterpolateBlock_TowardsToString
  name: TowardsToString()
  nameWithType: TransformInterpolateBlock.TowardsToString()
  fullName: LunyScript.Blocks.TransformInterpolateBlock.TowardsToString()
  spec.csharp:
  - uid: LunyScript.Blocks.TransformInterpolateBlock.TowardsToString
    name: TowardsToString
    isExternal: true
    href: LunyScript.Blocks.TransformInterpolateBlock.html#LunyScript_Blocks_TransformInterpolateBlock_TowardsToString
  - name: (
  - name: )
  spec.vb:
  - uid: LunyScript.Blocks.TransformInterpolateBlock.TowardsToString
    name: TowardsToString
    isExternal: true
    href: LunyScript.Blocks.TransformInterpolateBlock.html#LunyScript_Blocks_TransformInterpolateBlock_TowardsToString
  - name: (
  - name: )
- uid: LunyScript.Blocks.ScriptActionBlock.IsNullOrEmpty(LunyScript.Blocks.ScriptActionBlock[])
  commentId: M:LunyScript.Blocks.ScriptActionBlock.IsNullOrEmpty(LunyScript.Blocks.ScriptActionBlock[])
  parent: LunyScript.Blocks.ScriptActionBlock
  isExternal: true
  href: LunyScript.Blocks.ScriptActionBlock.html#LunyScript_Blocks_ScriptActionBlock_IsNullOrEmpty_LunyScript_Blocks_ScriptActionBlock___
  name: IsNullOrEmpty(ScriptActionBlock[])
  nameWithType: ScriptActionBlock.IsNullOrEmpty(ScriptActionBlock[])
  fullName: LunyScript.Blocks.ScriptActionBlock.IsNullOrEmpty(LunyScript.Blocks.ScriptActionBlock[])
  nameWithType.vb: ScriptActionBlock.IsNullOrEmpty(ScriptActionBlock())
  fullName.vb: LunyScript.Blocks.ScriptActionBlock.IsNullOrEmpty(LunyScript.Blocks.ScriptActionBlock())
  name.vb: IsNullOrEmpty(ScriptActionBlock())
  spec.csharp:
  - uid: LunyScript.Blocks.ScriptActionBlock.IsNullOrEmpty(LunyScript.Blocks.ScriptActionBlock[])
    name: IsNullOrEmpty
    isExternal: true
    href: LunyScript.Blocks.ScriptActionBlock.html#LunyScript_Blocks_ScriptActionBlock_IsNullOrEmpty_LunyScript_Blocks_ScriptActionBlock___
  - name: (
  - uid: LunyScript.Blocks.ScriptActionBlock
    name: ScriptActionBlock
    isExternal: true
    href: LunyScript.Blocks.ScriptActionBlock.html
  - name: '['
  - name: ']'
  - name: )
  spec.vb:
  - uid: LunyScript.Blocks.ScriptActionBlock.IsNullOrEmpty(LunyScript.Blocks.ScriptActionBlock[])
    name: IsNullOrEmpty
    isExternal: true
    href: LunyScript.Blocks.ScriptActionBlock.html#LunyScript_Blocks_ScriptActionBlock_IsNullOrEmpty_LunyScript_Blocks_ScriptActionBlock___
  - name: (
  - uid: LunyScript.Blocks.ScriptActionBlock
    name: ScriptActionBlock
    isExternal: true
    href: LunyScript.Blocks.ScriptActionBlock.html
  - name: (
  - name: )
  - name: )
- uid: LunyScript.Blocks.ScriptActionBlock.Execute(LunyScript.IScriptRuntimeContext)
  commentId: M:LunyScript.Blocks.ScriptActionBlock.Execute(LunyScript.IScriptRuntimeContext)
  parent: LunyScript.Blocks.ScriptActionBlock
  isExternal: true
  href: LunyScript.Blocks.ScriptActionBlock.html#LunyScript_Blocks_ScriptActionBlock_Execute_LunyScript_IScriptRuntimeContext_
  name: Execute(IScriptRuntimeContext)
  nameWithType: ScriptActionBlock.Execute(IScriptRuntimeContext)
  fullName: LunyScript.Blocks.ScriptActionBlock.Execute(LunyScript.IScriptRuntimeContext)
  spec.csharp:
  - uid: LunyScript.Blocks.ScriptActionBlock.Execute(LunyScript.IScriptRuntimeContext)
    name: Execute
    isExternal: true
    href: LunyScript.Blocks.ScriptActionBlock.html#LunyScript_Blocks_ScriptActionBlock_Execute_LunyScript_IScriptRuntimeContext_
  - name: (
  - uid: LunyScript.IScriptRuntimeContext
    name: IScriptRuntimeContext
    isExternal: true
    href: LunyScript.IScriptRuntimeContext.html
  - name: )
  spec.vb:
  - uid: LunyScript.Blocks.ScriptActionBlock.Execute(LunyScript.IScriptRuntimeContext)
    name: Execute
    isExternal: true
    href: LunyScript.Blocks.ScriptActionBlock.html#LunyScript_Blocks_ScriptActionBlock_Execute_LunyScript_IScriptRuntimeContext_
  - name: (
  - uid: LunyScript.IScriptRuntimeContext
    name: IScriptRuntimeContext
    isExternal: true
    href: LunyScript.IScriptRuntimeContext.html
  - name: )
- uid: Luny.Engine.Bridge
  commentId: N:Luny.Engine.Bridge
  isExternal: true
  href: Luny.html
  name: Luny.Engine.Bridge
  nameWithType: Luny.Engine.Bridge
  fullName: Luny.Engine.Bridge
  spec.csharp:
  - uid: Luny
    name: Luny
    isExternal: true
    href: Luny.html
  - name: .
  - uid: Luny.Engine
    name: Engine
    isExternal: true
    href: Luny.Engine.html
  - name: .
  - uid: Luny.Engine.Bridge
    name: Bridge
    isExternal: true
    href: Luny.Engine.Bridge.html
  spec.vb:
  - uid: Luny
    name: Luny
    isExternal: true
    href: Luny.html
  - name: .
  - uid: Luny.Engine
    name: Engine
    isExternal: true
    href: Luny.Engine.html
  - name: .
  - uid: Luny.Engine.Bridge
    name: Bridge
    isExternal: true
    href: Luny.Engine.Bridge.html
- uid: System
  commentId: N:System
  isExternal: true
  name: System
  nameWithType: System
  fullName: System
- uid: LunyScript.Blocks.TransformInterpolateTowardsObjectBlock.#ctor*
  commentId: Overload:LunyScript.Blocks.TransformInterpolateTowardsObjectBlock.#ctor
  isExternal: true
  href: LunyScript.Blocks.TransformInterpolateTowardsObjectBlock.html#LunyScript_Blocks_TransformInterpolateTowardsObjectBlock__ctor_Luny_Engine_Bridge_ILunyObject_System_Double_System_Double_Luny_Engine_Bridge_LunyVector3_System_Double_
  name: TransformInterpolateTowardsObjectBlock
  nameWithType: TransformInterpolateTowardsObjectBlock.TransformInterpolateTowardsObjectBlock
  fullName: LunyScript.Blocks.TransformInterpolateTowardsObjectBlock.TransformInterpolateTowardsObjectBlock
  nameWithType.vb: TransformInterpolateTowardsObjectBlock.New
  fullName.vb: LunyScript.Blocks.TransformInterpolateTowardsObjectBlock.New
  name.vb: New
- uid: System.Double
  commentId: T:System.Double
  parent: System
  isExternal: true
  name: double
  nameWithType: double
  fullName: double
  nameWithType.vb: Double
  fullName.vb: Double
  name.vb: Double
- uid: Luny.Engine.Bridge.LunyVector3
  commentId: T:Luny.Engine.Bridge.LunyVector3
  parent: Luny.Engine.Bridge
  isExternal: true
  href: Luny.Engine.Bridge.LunyVector3.html
  name: LunyVector3
  nameWithType: LunyVector3
  fullName: Luny.Engine.Bridge.LunyVector3
- uid: LunyScript.Blocks.TransformInterpolateTowardsObjectBlock.TryGetPositionDelta*
  commentId: Overload:LunyScript.Blocks.TransformInterpolateTowardsObjectBlock.TryGetPositionDelta
  isExternal: true
  href: LunyScript.Blocks.TransformInterpolateTowardsObjectBlock.html#LunyScript_Blocks_TransformInterpolateTowardsObjectBlock_TryGetPositionDelta_LunyScript_IScriptRuntimeContext_Luny_Engine_Bridge_LunyVector3__Luny_Engine_Bridge_LunyVector3__
  name: TryGetPositionDelta
  nameWithType: TransformInterpolateTowardsObjectBlock.TryGetPositionDelta
  fullName: LunyScript.Blocks.TransformInterpolateTowardsObjectBlock.TryGetPositionDelta
- uid: LunyScript.IScriptRuntimeContext
  commentId: T:LunyScript.IScriptRuntimeContext
  parent: LunyScript
  isExternal: true
  href: LunyScript.IScriptRuntimeContext.html
  name: IScriptRuntimeContext
  nameWithType: IScriptRuntimeContext
  fullName: LunyScript.IScriptRuntimeContext
- uid: System.Boolean
  commentId: T:System.Boolean
  parent: System
  isExternal: true
  name: bool
  nameWithType: bool
  fullName: bool
  nameWithType.vb: Boolean
  fullName.vb: Boolean
  name.vb: Boolean
- uid: LunyScript
  commentId: N:LunyScript
  isExternal: true
  href: LunyScript.html
  name: LunyScript
  nameWithType: LunyScript
  fullName: LunyScript
- uid: LunyScript.Blocks.TransformInterpolateTowardsObjectBlock.TryGetTargetRotation*
  commentId: Overload:LunyScript.Blocks.TransformInterpolateTowardsObjectBlock.TryGetTargetRotation
  isExternal: true
  href: LunyScript.Blocks.TransformInterpolateTowardsObjectBlock.html#LunyScript_Blocks_TransformInterpolateTowardsObjectBlock_TryGetTargetRotation_LunyScript_IScriptRuntimeContext_Luny_Engine_Bridge_LunyQuaternion__Luny_Engine_Bridge_LunyQuaternion__
  name: TryGetTargetRotation
  nameWithType: TransformInterpolateTowardsObjectBlock.TryGetTargetRotation
  fullName: LunyScript.Blocks.TransformInterpolateTowardsObjectBlock.TryGetTargetRotation
- uid: Luny.Engine.Bridge.LunyQuaternion
  commentId: T:Luny.Engine.Bridge.LunyQuaternion
  parent: Luny.Engine.Bridge
  isExternal: true
  href: Luny.Engine.Bridge.LunyQuaternion.html
  name: LunyQuaternion
  nameWithType: LunyQuaternion
  fullName: Luny.Engine.Bridge.LunyQuaternion
- uid: LunyScript.Blocks.TransformInterpolateTowardsObjectBlock.TowardsObjectToString*
  commentId: Overload:LunyScript.Blocks.TransformInterpolateTowardsObjectBlock.TowardsObjectToString
  isExternal: true
  href: LunyScript.Blocks.TransformInterpolateTowardsObjectBlock.html#LunyScript_Blocks_TransformInterpolateTowardsObjectBlock_TowardsObjectToString
  name: TowardsObjectToString
  nameWithType: TransformInterpolateTowardsObjectBlock.TowardsObjectToString
  fullName: LunyScript.Blocks.TransformInterpolateTowardsObjectBlock.TowardsObjectToString
- uid: System.String
  commentId: T:System.String
  parent: System
  isExternal: true
  name: string
  nameWithType: string
  fullName: string
  nameWithType.vb: String
  fullName.vb: String
  name.vb: String
