### YamlMime:ManagedReference
items:
- uid: LunyScript.Blocks.TransformScaleTowardsBlock
  commentId: T:LunyScript.Blocks.TransformScaleTowardsBlock
  id: TransformScaleTowardsBlock
  parent: LunyScript.Blocks
  children:
  - LunyScript.Blocks.TransformScaleTowardsBlock.Create(LunyScript.Blocks.VariableBlock{Luny.Engine.Bridge.LunyVector3},System.Double,System.Double,Luny.Engine.Bridge.LunyVector3,System.Double)
  - LunyScript.Blocks.TransformScaleTowardsBlock.Execute(LunyScript.IScriptRuntimeContext)
  - LunyScript.Blocks.TransformScaleTowardsBlock.ToString
  langs:
  - csharp
  - vb
  name: TransformScaleTowardsBlock
  nameWithType: TransformScaleTowardsBlock
  fullName: LunyScript.Blocks.TransformScaleTowardsBlock
  type: Class
  assemblies:
  - LunyScript
  namespace: LunyScript.Blocks
  syntax:
    content: 'public sealed class TransformScaleTowardsBlock : TransformInterpolateTowardsVariableBlock, IScriptBlock'
    content.vb: Public NotInheritable Class TransformScaleTowardsBlock Inherits TransformInterpolateTowardsVariableBlock Implements IScriptBlock
  inheritance:
  - System.Object
  - LunyScript.Blocks.ScriptBlock
  - LunyScript.Blocks.ActionBlock
  - LunyScript.Blocks.TransformInterpolateBlock
  - LunyScript.Blocks.TransformInterpolateTowardsVariableBlock
  implements:
  - LunyScript.Blocks.IScriptBlock
  inheritedMembers:
  - LunyScript.Blocks.ActionBlock.IsNullOrEmpty(LunyScript.Blocks.ActionBlock[])
- uid: LunyScript.Blocks.TransformScaleTowardsBlock.Create(LunyScript.Blocks.VariableBlock{Luny.Engine.Bridge.LunyVector3},System.Double,System.Double,Luny.Engine.Bridge.LunyVector3,System.Double)
  commentId: M:LunyScript.Blocks.TransformScaleTowardsBlock.Create(LunyScript.Blocks.VariableBlock{Luny.Engine.Bridge.LunyVector3},System.Double,System.Double,Luny.Engine.Bridge.LunyVector3,System.Double)
  id: Create(LunyScript.Blocks.VariableBlock{Luny.Engine.Bridge.LunyVector3},System.Double,System.Double,Luny.Engine.Bridge.LunyVector3,System.Double)
  parent: LunyScript.Blocks.TransformScaleTowardsBlock
  langs:
  - csharp
  - vb
  name: Create(VariableBlock<LunyVector3>, Double, Double, LunyVector3, Double)
  nameWithType: TransformScaleTowardsBlock.Create(VariableBlock<LunyVector3>, Double, Double, LunyVector3, Double)
  fullName: LunyScript.Blocks.TransformScaleTowardsBlock.Create(LunyScript.Blocks.VariableBlock<Luny.Engine.Bridge.LunyVector3>, System.Double, System.Double, Luny.Engine.Bridge.LunyVector3, System.Double)
  type: Method
  assemblies:
  - LunyScript
  namespace: LunyScript.Blocks
  syntax:
    content: public static TransformScaleTowardsBlock Create(VariableBlock<LunyVector3> targetScale, Double speed, Double deadZone = 0.1, LunyVector3 axisLock = default, Double responsiveness = 1)
    parameters:
    - id: targetScale
      type: LunyScript.Blocks.VariableBlock{Luny.Engine.Bridge.LunyVector3}
    - id: speed
      type: System.Double
    - id: deadZone
      type: System.Double
    - id: axisLock
      type: Luny.Engine.Bridge.LunyVector3
    - id: responsiveness
      type: System.Double
    return:
      type: LunyScript.Blocks.TransformScaleTowardsBlock
    content.vb: Public Shared Function Create(targetScale As VariableBlock(Of LunyVector3), speed As [Double], deadZone As [Double] = 0.1, axisLock As LunyVector3 = Nothing, responsiveness As [Double] = 1) As TransformScaleTowardsBlock
  overload: LunyScript.Blocks.TransformScaleTowardsBlock.Create*
  nameWithType.vb: TransformScaleTowardsBlock.Create(VariableBlock(Of LunyVector3), Double, Double, LunyVector3, Double)
  fullName.vb: LunyScript.Blocks.TransformScaleTowardsBlock.Create(LunyScript.Blocks.VariableBlock(Of Luny.Engine.Bridge.LunyVector3), System.Double, System.Double, Luny.Engine.Bridge.LunyVector3, System.Double)
  name.vb: Create(VariableBlock(Of LunyVector3), Double, Double, LunyVector3, Double)
- uid: LunyScript.Blocks.TransformScaleTowardsBlock.Execute(LunyScript.IScriptRuntimeContext)
  commentId: M:LunyScript.Blocks.TransformScaleTowardsBlock.Execute(LunyScript.IScriptRuntimeContext)
  id: Execute(LunyScript.IScriptRuntimeContext)
  parent: LunyScript.Blocks.TransformScaleTowardsBlock
  langs:
  - csharp
  - vb
  name: Execute(IScriptRuntimeContext)
  nameWithType: TransformScaleTowardsBlock.Execute(IScriptRuntimeContext)
  fullName: LunyScript.Blocks.TransformScaleTowardsBlock.Execute(LunyScript.IScriptRuntimeContext)
  type: Method
  assemblies:
  - LunyScript
  namespace: LunyScript.Blocks
  example: []
  syntax:
    content: protected override void Execute(IScriptRuntimeContext runtimeContext)
    parameters:
    - id: runtimeContext
      type: LunyScript.IScriptRuntimeContext
    content.vb: Protected Overrides Sub Execute(runtimeContext As IScriptRuntimeContext)
  overridden: LunyScript.Blocks.ActionBlock.Execute(LunyScript.IScriptRuntimeContext)
  overload: LunyScript.Blocks.TransformScaleTowardsBlock.Execute*
- uid: LunyScript.Blocks.TransformScaleTowardsBlock.ToString
  commentId: M:LunyScript.Blocks.TransformScaleTowardsBlock.ToString
  id: ToString
  parent: LunyScript.Blocks.TransformScaleTowardsBlock
  langs:
  - csharp
  - vb
  name: ToString()
  nameWithType: TransformScaleTowardsBlock.ToString()
  fullName: LunyScript.Blocks.TransformScaleTowardsBlock.ToString()
  type: Method
  assemblies:
  - LunyScript
  namespace: LunyScript.Blocks
  example: []
  syntax:
    content: public override String ToString()
    return:
      type: System.String
    content.vb: Public Overrides Function ToString() As [String]
  overridden: System.Object.ToString
  overload: LunyScript.Blocks.TransformScaleTowardsBlock.ToString*
references:
- uid: LunyScript.Blocks
  commentId: N:LunyScript.Blocks
  isExternal: true
  href: LunyScript.html
  name: LunyScript.Blocks
  nameWithType: LunyScript.Blocks
  fullName: LunyScript.Blocks
  spec.csharp:
  - uid: LunyScript
    name: LunyScript
    isExternal: true
    href: LunyScript.html
  - name: .
  - uid: LunyScript.Blocks
    name: Blocks
    isExternal: true
    href: LunyScript.Blocks.html
  spec.vb:
  - uid: LunyScript
    name: LunyScript
    isExternal: true
    href: LunyScript.html
  - name: .
  - uid: LunyScript.Blocks
    name: Blocks
    isExternal: true
    href: LunyScript.Blocks.html
- uid: System.Object
  commentId: T:System.Object
  parent: System
  isExternal: true
  name: Object
  nameWithType: Object
  fullName: System.Object
- uid: LunyScript.Blocks.ScriptBlock
  commentId: T:LunyScript.Blocks.ScriptBlock
  parent: LunyScript.Blocks
  isExternal: true
  href: LunyScript.Blocks.ScriptBlock.html
  name: ScriptBlock
  nameWithType: ScriptBlock
  fullName: LunyScript.Blocks.ScriptBlock
- uid: LunyScript.Blocks.ActionBlock
  commentId: T:LunyScript.Blocks.ActionBlock
  parent: LunyScript.Blocks
  isExternal: true
  href: LunyScript.Blocks.ActionBlock.html
  name: ActionBlock
  nameWithType: ActionBlock
  fullName: LunyScript.Blocks.ActionBlock
- uid: LunyScript.Blocks.TransformInterpolateBlock
  commentId: T:LunyScript.Blocks.TransformInterpolateBlock
  parent: LunyScript.Blocks
  isExternal: true
  href: LunyScript.Blocks.TransformInterpolateBlock.html
  name: TransformInterpolateBlock
  nameWithType: TransformInterpolateBlock
  fullName: LunyScript.Blocks.TransformInterpolateBlock
- uid: LunyScript.Blocks.TransformInterpolateTowardsVariableBlock
  commentId: T:LunyScript.Blocks.TransformInterpolateTowardsVariableBlock
  parent: LunyScript.Blocks
  isExternal: true
  href: LunyScript.Blocks.TransformInterpolateTowardsVariableBlock.html
  name: TransformInterpolateTowardsVariableBlock
  nameWithType: TransformInterpolateTowardsVariableBlock
  fullName: LunyScript.Blocks.TransformInterpolateTowardsVariableBlock
- uid: LunyScript.Blocks.IScriptBlock
  commentId: T:LunyScript.Blocks.IScriptBlock
  parent: LunyScript.Blocks
  isExternal: true
  href: LunyScript.Blocks.IScriptBlock.html
  name: IScriptBlock
  nameWithType: IScriptBlock
  fullName: LunyScript.Blocks.IScriptBlock
- uid: LunyScript.Blocks.ActionBlock.IsNullOrEmpty(LunyScript.Blocks.ActionBlock[])
  commentId: M:LunyScript.Blocks.ActionBlock.IsNullOrEmpty(LunyScript.Blocks.ActionBlock[])
  parent: LunyScript.Blocks.ActionBlock
  isExternal: true
  href: LunyScript.Blocks.ActionBlock.html#LunyScript_Blocks_ActionBlock_IsNullOrEmpty_LunyScript_Blocks_ActionBlock___
  name: IsNullOrEmpty(ActionBlock[])
  nameWithType: ActionBlock.IsNullOrEmpty(ActionBlock[])
  fullName: LunyScript.Blocks.ActionBlock.IsNullOrEmpty(LunyScript.Blocks.ActionBlock[])
  nameWithType.vb: ActionBlock.IsNullOrEmpty(ActionBlock())
  fullName.vb: LunyScript.Blocks.ActionBlock.IsNullOrEmpty(LunyScript.Blocks.ActionBlock())
  name.vb: IsNullOrEmpty(ActionBlock())
  spec.csharp:
  - uid: LunyScript.Blocks.ActionBlock.IsNullOrEmpty(LunyScript.Blocks.ActionBlock[])
    name: IsNullOrEmpty
    isExternal: true
    href: LunyScript.Blocks.ActionBlock.html#LunyScript_Blocks_ActionBlock_IsNullOrEmpty_LunyScript_Blocks_ActionBlock___
  - name: (
  - uid: LunyScript.Blocks.ActionBlock
    name: ActionBlock
    isExternal: true
    href: LunyScript.Blocks.ActionBlock.html
  - name: '['
  - name: ']'
  - name: )
  spec.vb:
  - uid: LunyScript.Blocks.ActionBlock.IsNullOrEmpty(LunyScript.Blocks.ActionBlock[])
    name: IsNullOrEmpty
    isExternal: true
    href: LunyScript.Blocks.ActionBlock.html#LunyScript_Blocks_ActionBlock_IsNullOrEmpty_LunyScript_Blocks_ActionBlock___
  - name: (
  - uid: LunyScript.Blocks.ActionBlock
    name: ActionBlock
    isExternal: true
    href: LunyScript.Blocks.ActionBlock.html
  - name: (
  - name: )
  - name: )
- uid: System
  commentId: N:System
  isExternal: true
  href: https://learn.microsoft.com/dotnet/api/system
  name: System
  nameWithType: System
  fullName: System
- uid: LunyScript.Blocks.TransformScaleTowardsBlock.Create*
  commentId: Overload:LunyScript.Blocks.TransformScaleTowardsBlock.Create
  isExternal: true
  href: LunyScript.Blocks.TransformScaleTowardsBlock.html#LunyScript_Blocks_TransformScaleTowardsBlock_Create_LunyScript_Blocks_VariableBlock_Luny_Engine_Bridge_LunyVector3__System_Double_System_Double_Luny_Engine_Bridge_LunyVector3_System_Double_
  name: Create
  nameWithType: TransformScaleTowardsBlock.Create
  fullName: LunyScript.Blocks.TransformScaleTowardsBlock.Create
- uid: LunyScript.Blocks.VariableBlock{Luny.Engine.Bridge.LunyVector3}
  commentId: T:LunyScript.Blocks.VariableBlock{Luny.Engine.Bridge.LunyVector3}
  parent: LunyScript.Blocks
  definition: LunyScript.Blocks.VariableBlock`1
  href: LunyScript.Blocks.VariableBlock-1.html
  name: VariableBlock<LunyVector3>
  nameWithType: VariableBlock<LunyVector3>
  fullName: LunyScript.Blocks.VariableBlock<Luny.Engine.Bridge.LunyVector3>
  nameWithType.vb: VariableBlock(Of LunyVector3)
  fullName.vb: LunyScript.Blocks.VariableBlock(Of Luny.Engine.Bridge.LunyVector3)
  name.vb: VariableBlock(Of LunyVector3)
  spec.csharp:
  - uid: LunyScript.Blocks.VariableBlock`1
    name: VariableBlock
    isExternal: true
    href: LunyScript.Blocks.VariableBlock-1.html
  - name: <
  - uid: Luny.Engine.Bridge.LunyVector3
    name: LunyVector3
    isExternal: true
  - name: '>'
  spec.vb:
  - uid: LunyScript.Blocks.VariableBlock`1
    name: VariableBlock
    isExternal: true
    href: LunyScript.Blocks.VariableBlock-1.html
  - name: (
  - name: Of
  - name: " "
  - uid: Luny.Engine.Bridge.LunyVector3
    name: LunyVector3
    isExternal: true
  - name: )
- uid: System.Double
  commentId: T:System.Double
  parent: System
  isExternal: true
  href: https://learn.microsoft.com/dotnet/api/system.double
  name: Double
  nameWithType: Double
  fullName: System.Double
- uid: Luny.Engine.Bridge.LunyVector3
  commentId: T:Luny.Engine.Bridge.LunyVector3
  parent: Luny.Engine.Bridge
  isExternal: true
  href: Luny.Engine.Bridge.LunyVector3.html
  name: LunyVector3
  nameWithType: LunyVector3
  fullName: Luny.Engine.Bridge.LunyVector3
- uid: LunyScript.Blocks.TransformScaleTowardsBlock
  commentId: T:LunyScript.Blocks.TransformScaleTowardsBlock
  parent: LunyScript.Blocks
  isExternal: true
  href: LunyScript.Blocks.TransformScaleTowardsBlock.html
  name: TransformScaleTowardsBlock
  nameWithType: TransformScaleTowardsBlock
  fullName: LunyScript.Blocks.TransformScaleTowardsBlock
- uid: LunyScript.Blocks.VariableBlock`1
  commentId: T:LunyScript.Blocks.VariableBlock`1
  parent: LunyScript.Blocks
  isExternal: true
  href: LunyScript.Blocks.VariableBlock-1.html
  name: VariableBlock<T>
  nameWithType: VariableBlock<T>
  fullName: LunyScript.Blocks.VariableBlock<T>
  nameWithType.vb: VariableBlock(Of T)
  fullName.vb: LunyScript.Blocks.VariableBlock(Of T)
  name.vb: VariableBlock(Of T)
  spec.csharp:
  - uid: LunyScript.Blocks.VariableBlock`1
    name: VariableBlock
    isExternal: true
    href: LunyScript.Blocks.VariableBlock-1.html
  - name: <
  - name: T
  - name: '>'
  spec.vb:
  - uid: LunyScript.Blocks.VariableBlock`1
    name: VariableBlock
    isExternal: true
    href: LunyScript.Blocks.VariableBlock-1.html
  - name: (
  - name: Of
  - name: " "
  - name: T
  - name: )
- uid: Luny.Engine.Bridge
  commentId: N:Luny.Engine.Bridge
  isExternal: true
  href: Luny.html
  name: Luny.Engine.Bridge
  nameWithType: Luny.Engine.Bridge
  fullName: Luny.Engine.Bridge
  spec.csharp:
  - uid: Luny
    name: Luny
    isExternal: true
    href: Luny.html
  - name: .
  - uid: Luny.Engine
    name: Engine
    isExternal: true
    href: Luny.Engine.html
  - name: .
  - uid: Luny.Engine.Bridge
    name: Bridge
    isExternal: true
    href: Luny.Engine.Bridge.html
  spec.vb:
  - uid: Luny
    name: Luny
    isExternal: true
    href: Luny.html
  - name: .
  - uid: Luny.Engine
    name: Engine
    isExternal: true
    href: Luny.Engine.html
  - name: .
  - uid: Luny.Engine.Bridge
    name: Bridge
    isExternal: true
    href: Luny.Engine.Bridge.html
- uid: LunyScript.Blocks.ActionBlock.Execute(LunyScript.IScriptRuntimeContext)
  commentId: M:LunyScript.Blocks.ActionBlock.Execute(LunyScript.IScriptRuntimeContext)
  parent: LunyScript.Blocks.ActionBlock
  isExternal: true
  href: LunyScript.Blocks.ActionBlock.html#LunyScript_Blocks_ActionBlock_Execute_LunyScript_IScriptRuntimeContext_
  name: Execute(IScriptRuntimeContext)
  nameWithType: ActionBlock.Execute(IScriptRuntimeContext)
  fullName: LunyScript.Blocks.ActionBlock.Execute(LunyScript.IScriptRuntimeContext)
  spec.csharp:
  - uid: LunyScript.Blocks.ActionBlock.Execute(LunyScript.IScriptRuntimeContext)
    name: Execute
    isExternal: true
    href: LunyScript.Blocks.ActionBlock.html#LunyScript_Blocks_ActionBlock_Execute_LunyScript_IScriptRuntimeContext_
  - name: (
  - uid: LunyScript.IScriptRuntimeContext
    name: IScriptRuntimeContext
    isExternal: true
    href: LunyScript.IScriptRuntimeContext.html
  - name: )
  spec.vb:
  - uid: LunyScript.Blocks.ActionBlock.Execute(LunyScript.IScriptRuntimeContext)
    name: Execute
    isExternal: true
    href: LunyScript.Blocks.ActionBlock.html#LunyScript_Blocks_ActionBlock_Execute_LunyScript_IScriptRuntimeContext_
  - name: (
  - uid: LunyScript.IScriptRuntimeContext
    name: IScriptRuntimeContext
    isExternal: true
    href: LunyScript.IScriptRuntimeContext.html
  - name: )
- uid: LunyScript.Blocks.TransformScaleTowardsBlock.Execute*
  commentId: Overload:LunyScript.Blocks.TransformScaleTowardsBlock.Execute
  isExternal: true
  href: LunyScript.Blocks.TransformScaleTowardsBlock.html#LunyScript_Blocks_TransformScaleTowardsBlock_Execute_LunyScript_IScriptRuntimeContext_
  name: Execute
  nameWithType: TransformScaleTowardsBlock.Execute
  fullName: LunyScript.Blocks.TransformScaleTowardsBlock.Execute
- uid: LunyScript.IScriptRuntimeContext
  commentId: T:LunyScript.IScriptRuntimeContext
  parent: LunyScript
  isExternal: true
  href: LunyScript.IScriptRuntimeContext.html
  name: IScriptRuntimeContext
  nameWithType: IScriptRuntimeContext
  fullName: LunyScript.IScriptRuntimeContext
- uid: LunyScript
  commentId: N:LunyScript
  isExternal: true
  href: LunyScript.html
  name: LunyScript
  nameWithType: LunyScript
  fullName: LunyScript
- uid: System.Object.ToString
  commentId: M:System.Object.ToString
  parent: System.Object
  isExternal: true
  name: ToString()
  nameWithType: Object.ToString()
  fullName: System.Object.ToString()
  spec.csharp:
  - uid: System.Object.ToString
    name: ToString
    isExternal: true
  - name: (
  - name: )
  spec.vb:
  - uid: System.Object.ToString
    name: ToString
    isExternal: true
  - name: (
  - name: )
- uid: LunyScript.Blocks.TransformScaleTowardsBlock.ToString*
  commentId: Overload:LunyScript.Blocks.TransformScaleTowardsBlock.ToString
  isExternal: true
  href: LunyScript.Blocks.TransformScaleTowardsBlock.html#LunyScript_Blocks_TransformScaleTowardsBlock_ToString
  name: ToString
  nameWithType: TransformScaleTowardsBlock.ToString
  fullName: LunyScript.Blocks.TransformScaleTowardsBlock.ToString
- uid: System.String
  commentId: T:System.String
  parent: System
  isExternal: true
  href: https://learn.microsoft.com/dotnet/api/system.string
  name: String
  nameWithType: String
  fullName: System.String
