### YamlMime:ManagedReference
items:
- uid: LunyScript.Blocks.IScriptBlock
  commentId: T:LunyScript.Blocks.IScriptBlock
  id: IScriptBlock
  parent: LunyScript.Blocks
  children: []
  langs:
  - csharp
  - vb
  name: IScriptBlock
  nameWithType: IScriptBlock
  fullName: LunyScript.Blocks.IScriptBlock
  type: Interface
  assemblies:
  - LunyScript
  namespace: LunyScript.Blocks
  summary: Base interface for LunyScript blocks.
  example: []
  syntax:
    content: public interface IScriptBlock
    content.vb: Public Interface IScriptBlock
  derivedClasses:
  - LunyScript.Blocks.ActionBlock
  - LunyScript.Blocks.ConditionBlock
  - LunyScript.Blocks.IfBlock
  - LunyScript.Blocks.ScriptBlock
  - LunyScript.Blocks.SequenceBlock
  - LunyScript.Blocks.TableVariableBlock
  - LunyScript.Blocks.TransformInterpolateBlock
  - LunyScript.Blocks.TransformInterpolateTowardsObjectBlock
  - LunyScript.Blocks.TransformInterpolateTowardsVariableBlock
  - LunyScript.Blocks.TransformPositionLerpTowardsObjectBlock
  - LunyScript.Blocks.TransformPositionLinearTowardsObjectBlock
  - LunyScript.Blocks.TransformPositionMoveByBlock
  - LunyScript.Blocks.TransformPositionMoveRelativeBlock
  - LunyScript.Blocks.TransformPositionSetLocalBlock
  - LunyScript.Blocks.TransformPositionSetWorldBlock
  - LunyScript.Blocks.TransformRotationLerpTowardsObjectBlock
  - LunyScript.Blocks.TransformRotationLinearTowardsObjectBlock
  - LunyScript.Blocks.TransformRotationLookAtBlock
  - LunyScript.Blocks.TransformRotationSetLocalBlock
  - LunyScript.Blocks.TransformRotationSetWorldBlock
  - LunyScript.Blocks.TransformScaleSetLocalBlock
  - LunyScript.Blocks.TransformScaleTowardsBlock
  - LunyScript.Blocks.TransformScaleTowardsLerpBlock
  - LunyScript.Blocks.VariableBlock
references:
- uid: LunyScript.Blocks
  commentId: N:LunyScript.Blocks
  isExternal: true
  href: LunyScript.html
  name: LunyScript.Blocks
  nameWithType: LunyScript.Blocks
  fullName: LunyScript.Blocks
  spec.csharp:
  - uid: LunyScript
    name: LunyScript
    isExternal: true
    href: LunyScript.html
  - name: .
  - uid: LunyScript.Blocks
    name: Blocks
    isExternal: true
    href: LunyScript.Blocks.html
  spec.vb:
  - uid: LunyScript
    name: LunyScript
    isExternal: true
    href: LunyScript.html
  - name: .
  - uid: LunyScript.Blocks
    name: Blocks
    isExternal: true
    href: LunyScript.Blocks.html
