### YamlMime:ManagedReference
items:
- uid: LunyScript.Blocks.IfBlock
  commentId: T:LunyScript.Blocks.IfBlock
  id: IfBlock
  parent: LunyScript.Blocks
  children:
  - LunyScript.Blocks.IfBlock.Else(LunyScript.Blocks.ActionBlock[])
  - LunyScript.Blocks.IfBlock.ElseIf(LunyScript.Blocks.ConditionBlock[])
  - LunyScript.Blocks.IfBlock.Execute(LunyScript.IScriptRuntimeContext)
  - LunyScript.Blocks.IfBlock.Then(LunyScript.Blocks.ActionBlock[])
  langs:
  - csharp
  - vb
  name: IfBlock
  nameWithType: IfBlock
  fullName: LunyScript.Blocks.IfBlock
  type: Class
  assemblies:
  - LunyScript
  namespace: LunyScript.Blocks
  summary: Builder for constructing 'If' blocks with 'ElseIf' and 'Else' branches.
  example: []
  syntax:
    content: 'public sealed class IfBlock : ActionBlock, IScriptBlock'
    content.vb: Public NotInheritable Class IfBlock Inherits ActionBlock Implements IScriptBlock
  inheritance:
  - System.Object
  - LunyScript.Blocks.ScriptBlock
  - LunyScript.Blocks.ActionBlock
  implements:
  - LunyScript.Blocks.IScriptBlock
  inheritedMembers:
  - LunyScript.Blocks.ActionBlock.IsNullOrEmpty(LunyScript.Blocks.ActionBlock[])
- uid: LunyScript.Blocks.IfBlock.Then(LunyScript.Blocks.ActionBlock[])
  commentId: M:LunyScript.Blocks.IfBlock.Then(LunyScript.Blocks.ActionBlock[])
  id: Then(LunyScript.Blocks.ActionBlock[])
  parent: LunyScript.Blocks.IfBlock
  langs:
  - csharp
  - vb
  name: Then(params ActionBlock[])
  nameWithType: IfBlock.Then(params ActionBlock[])
  fullName: LunyScript.Blocks.IfBlock.Then(params LunyScript.Blocks.ActionBlock[])
  type: Method
  assemblies:
  - LunyScript
  namespace: LunyScript.Blocks
  syntax:
    content: public IfBlock Then(params ActionBlock[] actions)
    parameters:
    - id: actions
      type: LunyScript.Blocks.ActionBlock[]
    return:
      type: LunyScript.Blocks.IfBlock
    content.vb: Public Function [Then](ParamArray actions As ActionBlock()) As IfBlock
  overload: LunyScript.Blocks.IfBlock.Then*
  nameWithType.vb: IfBlock.Then(ParamArray ActionBlock())
  fullName.vb: LunyScript.Blocks.IfBlock.Then(ParamArray LunyScript.Blocks.ActionBlock())
  name.vb: Then(ParamArray ActionBlock())
- uid: LunyScript.Blocks.IfBlock.ElseIf(LunyScript.Blocks.ConditionBlock[])
  commentId: M:LunyScript.Blocks.IfBlock.ElseIf(LunyScript.Blocks.ConditionBlock[])
  id: ElseIf(LunyScript.Blocks.ConditionBlock[])
  parent: LunyScript.Blocks.IfBlock
  langs:
  - csharp
  - vb
  name: ElseIf(params ConditionBlock[])
  nameWithType: IfBlock.ElseIf(params ConditionBlock[])
  fullName: LunyScript.Blocks.IfBlock.ElseIf(params LunyScript.Blocks.ConditionBlock[])
  type: Method
  assemblies:
  - LunyScript
  namespace: LunyScript.Blocks
  syntax:
    content: public IfBlock ElseIf(params ConditionBlock[] conditions)
    parameters:
    - id: conditions
      type: LunyScript.Blocks.ConditionBlock[]
    return:
      type: LunyScript.Blocks.IfBlock
    content.vb: Public Function [ElseIf](ParamArray conditions As ConditionBlock()) As IfBlock
  overload: LunyScript.Blocks.IfBlock.ElseIf*
  nameWithType.vb: IfBlock.ElseIf(ParamArray ConditionBlock())
  fullName.vb: LunyScript.Blocks.IfBlock.ElseIf(ParamArray LunyScript.Blocks.ConditionBlock())
  name.vb: ElseIf(ParamArray ConditionBlock())
- uid: LunyScript.Blocks.IfBlock.Else(LunyScript.Blocks.ActionBlock[])
  commentId: M:LunyScript.Blocks.IfBlock.Else(LunyScript.Blocks.ActionBlock[])
  id: Else(LunyScript.Blocks.ActionBlock[])
  parent: LunyScript.Blocks.IfBlock
  langs:
  - csharp
  - vb
  name: Else(params ActionBlock[])
  nameWithType: IfBlock.Else(params ActionBlock[])
  fullName: LunyScript.Blocks.IfBlock.Else(params LunyScript.Blocks.ActionBlock[])
  type: Method
  assemblies:
  - LunyScript
  namespace: LunyScript.Blocks
  syntax:
    content: public ActionBlock Else(params ActionBlock[] actions)
    parameters:
    - id: actions
      type: LunyScript.Blocks.ActionBlock[]
    return:
      type: LunyScript.Blocks.ActionBlock
    content.vb: Public Function [Else](ParamArray actions As ActionBlock()) As ActionBlock
  overload: LunyScript.Blocks.IfBlock.Else*
  nameWithType.vb: IfBlock.Else(ParamArray ActionBlock())
  fullName.vb: LunyScript.Blocks.IfBlock.Else(ParamArray LunyScript.Blocks.ActionBlock())
  name.vb: Else(ParamArray ActionBlock())
- uid: LunyScript.Blocks.IfBlock.Execute(LunyScript.IScriptRuntimeContext)
  commentId: M:LunyScript.Blocks.IfBlock.Execute(LunyScript.IScriptRuntimeContext)
  id: Execute(LunyScript.IScriptRuntimeContext)
  parent: LunyScript.Blocks.IfBlock
  langs:
  - csharp
  - vb
  name: Execute(IScriptRuntimeContext)
  nameWithType: IfBlock.Execute(IScriptRuntimeContext)
  fullName: LunyScript.Blocks.IfBlock.Execute(LunyScript.IScriptRuntimeContext)
  type: Method
  assemblies:
  - LunyScript
  namespace: LunyScript.Blocks
  example: []
  syntax:
    content: protected override void Execute(IScriptRuntimeContext runtimeContext)
    parameters:
    - id: runtimeContext
      type: LunyScript.IScriptRuntimeContext
    content.vb: Protected Overrides Sub Execute(runtimeContext As IScriptRuntimeContext)
  overridden: LunyScript.Blocks.ActionBlock.Execute(LunyScript.IScriptRuntimeContext)
  overload: LunyScript.Blocks.IfBlock.Execute*
references:
- uid: LunyScript.Blocks
  commentId: N:LunyScript.Blocks
  isExternal: true
  href: LunyScript.html
  name: LunyScript.Blocks
  nameWithType: LunyScript.Blocks
  fullName: LunyScript.Blocks
  spec.csharp:
  - uid: LunyScript
    name: LunyScript
    isExternal: true
    href: LunyScript.html
  - name: .
  - uid: LunyScript.Blocks
    name: Blocks
    isExternal: true
    href: LunyScript.Blocks.html
  spec.vb:
  - uid: LunyScript
    name: LunyScript
    isExternal: true
    href: LunyScript.html
  - name: .
  - uid: LunyScript.Blocks
    name: Blocks
    isExternal: true
    href: LunyScript.Blocks.html
- uid: System.Object
  commentId: T:System.Object
  parent: System
  isExternal: true
  name: object
  nameWithType: object
  fullName: object
  nameWithType.vb: Object
  fullName.vb: Object
  name.vb: Object
- uid: LunyScript.Blocks.ScriptBlock
  commentId: T:LunyScript.Blocks.ScriptBlock
  parent: LunyScript.Blocks
  isExternal: true
  href: LunyScript.Blocks.ScriptBlock.html
  name: ScriptBlock
  nameWithType: ScriptBlock
  fullName: LunyScript.Blocks.ScriptBlock
- uid: LunyScript.Blocks.ActionBlock
  commentId: T:LunyScript.Blocks.ActionBlock
  parent: LunyScript.Blocks
  isExternal: true
  href: LunyScript.Blocks.ActionBlock.html
  name: ActionBlock
  nameWithType: ActionBlock
  fullName: LunyScript.Blocks.ActionBlock
- uid: LunyScript.Blocks.IScriptBlock
  commentId: T:LunyScript.Blocks.IScriptBlock
  parent: LunyScript.Blocks
  isExternal: true
  href: LunyScript.Blocks.IScriptBlock.html
  name: IScriptBlock
  nameWithType: IScriptBlock
  fullName: LunyScript.Blocks.IScriptBlock
- uid: LunyScript.Blocks.ActionBlock.IsNullOrEmpty(LunyScript.Blocks.ActionBlock[])
  commentId: M:LunyScript.Blocks.ActionBlock.IsNullOrEmpty(LunyScript.Blocks.ActionBlock[])
  parent: LunyScript.Blocks.ActionBlock
  isExternal: true
  href: LunyScript.Blocks.ActionBlock.html#LunyScript_Blocks_ActionBlock_IsNullOrEmpty_LunyScript_Blocks_ActionBlock___
  name: IsNullOrEmpty(ActionBlock[])
  nameWithType: ActionBlock.IsNullOrEmpty(ActionBlock[])
  fullName: LunyScript.Blocks.ActionBlock.IsNullOrEmpty(LunyScript.Blocks.ActionBlock[])
  nameWithType.vb: ActionBlock.IsNullOrEmpty(ActionBlock())
  fullName.vb: LunyScript.Blocks.ActionBlock.IsNullOrEmpty(LunyScript.Blocks.ActionBlock())
  name.vb: IsNullOrEmpty(ActionBlock())
  spec.csharp:
  - uid: LunyScript.Blocks.ActionBlock.IsNullOrEmpty(LunyScript.Blocks.ActionBlock[])
    name: IsNullOrEmpty
    isExternal: true
    href: LunyScript.Blocks.ActionBlock.html#LunyScript_Blocks_ActionBlock_IsNullOrEmpty_LunyScript_Blocks_ActionBlock___
  - name: (
  - uid: LunyScript.Blocks.ActionBlock
    name: ActionBlock
    isExternal: true
    href: LunyScript.Blocks.ActionBlock.html
  - name: '['
  - name: ']'
  - name: )
  spec.vb:
  - uid: LunyScript.Blocks.ActionBlock.IsNullOrEmpty(LunyScript.Blocks.ActionBlock[])
    name: IsNullOrEmpty
    isExternal: true
    href: LunyScript.Blocks.ActionBlock.html#LunyScript_Blocks_ActionBlock_IsNullOrEmpty_LunyScript_Blocks_ActionBlock___
  - name: (
  - uid: LunyScript.Blocks.ActionBlock
    name: ActionBlock
    isExternal: true
    href: LunyScript.Blocks.ActionBlock.html
  - name: (
  - name: )
  - name: )
- uid: System
  commentId: N:System
  isExternal: true
  href: https://learn.microsoft.com/dotnet/api/system
  name: System
  nameWithType: System
  fullName: System
- uid: LunyScript.Blocks.IfBlock.Then*
  commentId: Overload:LunyScript.Blocks.IfBlock.Then
  isExternal: true
  href: LunyScript.Blocks.IfBlock.html#LunyScript_Blocks_IfBlock_Then_LunyScript_Blocks_ActionBlock___
  name: Then
  nameWithType: IfBlock.Then
  fullName: LunyScript.Blocks.IfBlock.Then
- uid: LunyScript.Blocks.ActionBlock[]
  isExternal: true
  href: LunyScript.Blocks.ActionBlock.html
  name: ActionBlock[]
  nameWithType: ActionBlock[]
  fullName: LunyScript.Blocks.ActionBlock[]
  nameWithType.vb: ActionBlock()
  fullName.vb: LunyScript.Blocks.ActionBlock()
  name.vb: ActionBlock()
  spec.csharp:
  - uid: LunyScript.Blocks.ActionBlock
    name: ActionBlock
    isExternal: true
    href: LunyScript.Blocks.ActionBlock.html
  - name: '['
  - name: ']'
  spec.vb:
  - uid: LunyScript.Blocks.ActionBlock
    name: ActionBlock
    isExternal: true
    href: LunyScript.Blocks.ActionBlock.html
  - name: (
  - name: )
- uid: LunyScript.Blocks.IfBlock
  commentId: T:LunyScript.Blocks.IfBlock
  parent: LunyScript.Blocks
  isExternal: true
  href: LunyScript.Blocks.IfBlock.html
  name: IfBlock
  nameWithType: IfBlock
  fullName: LunyScript.Blocks.IfBlock
- uid: LunyScript.Blocks.IfBlock.ElseIf*
  commentId: Overload:LunyScript.Blocks.IfBlock.ElseIf
  isExternal: true
  href: LunyScript.Blocks.IfBlock.html#LunyScript_Blocks_IfBlock_ElseIf_LunyScript_Blocks_ConditionBlock___
  name: ElseIf
  nameWithType: IfBlock.ElseIf
  fullName: LunyScript.Blocks.IfBlock.ElseIf
- uid: LunyScript.Blocks.ConditionBlock[]
  isExternal: true
  href: LunyScript.Blocks.ConditionBlock.html
  name: ConditionBlock[]
  nameWithType: ConditionBlock[]
  fullName: LunyScript.Blocks.ConditionBlock[]
  nameWithType.vb: ConditionBlock()
  fullName.vb: LunyScript.Blocks.ConditionBlock()
  name.vb: ConditionBlock()
  spec.csharp:
  - uid: LunyScript.Blocks.ConditionBlock
    name: ConditionBlock
    isExternal: true
    href: LunyScript.Blocks.ConditionBlock.html
  - name: '['
  - name: ']'
  spec.vb:
  - uid: LunyScript.Blocks.ConditionBlock
    name: ConditionBlock
    isExternal: true
    href: LunyScript.Blocks.ConditionBlock.html
  - name: (
  - name: )
- uid: LunyScript.Blocks.IfBlock.Else*
  commentId: Overload:LunyScript.Blocks.IfBlock.Else
  isExternal: true
  href: LunyScript.Blocks.IfBlock.html#LunyScript_Blocks_IfBlock_Else_LunyScript_Blocks_ActionBlock___
  name: Else
  nameWithType: IfBlock.Else
  fullName: LunyScript.Blocks.IfBlock.Else
- uid: LunyScript.Blocks.ActionBlock.Execute(LunyScript.IScriptRuntimeContext)
  commentId: M:LunyScript.Blocks.ActionBlock.Execute(LunyScript.IScriptRuntimeContext)
  parent: LunyScript.Blocks.ActionBlock
  isExternal: true
  href: LunyScript.Blocks.ActionBlock.html#LunyScript_Blocks_ActionBlock_Execute_LunyScript_IScriptRuntimeContext_
  name: Execute(IScriptRuntimeContext)
  nameWithType: ActionBlock.Execute(IScriptRuntimeContext)
  fullName: LunyScript.Blocks.ActionBlock.Execute(LunyScript.IScriptRuntimeContext)
  spec.csharp:
  - uid: LunyScript.Blocks.ActionBlock.Execute(LunyScript.IScriptRuntimeContext)
    name: Execute
    isExternal: true
    href: LunyScript.Blocks.ActionBlock.html#LunyScript_Blocks_ActionBlock_Execute_LunyScript_IScriptRuntimeContext_
  - name: (
  - uid: LunyScript.IScriptRuntimeContext
    name: IScriptRuntimeContext
    isExternal: true
    href: LunyScript.IScriptRuntimeContext.html
  - name: )
  spec.vb:
  - uid: LunyScript.Blocks.ActionBlock.Execute(LunyScript.IScriptRuntimeContext)
    name: Execute
    isExternal: true
    href: LunyScript.Blocks.ActionBlock.html#LunyScript_Blocks_ActionBlock_Execute_LunyScript_IScriptRuntimeContext_
  - name: (
  - uid: LunyScript.IScriptRuntimeContext
    name: IScriptRuntimeContext
    isExternal: true
    href: LunyScript.IScriptRuntimeContext.html
  - name: )
- uid: LunyScript.Blocks.IfBlock.Execute*
  commentId: Overload:LunyScript.Blocks.IfBlock.Execute
  isExternal: true
  href: LunyScript.Blocks.IfBlock.html#LunyScript_Blocks_IfBlock_Execute_LunyScript_IScriptRuntimeContext_
  name: Execute
  nameWithType: IfBlock.Execute
  fullName: LunyScript.Blocks.IfBlock.Execute
- uid: LunyScript.IScriptRuntimeContext
  commentId: T:LunyScript.IScriptRuntimeContext
  parent: LunyScript
  isExternal: true
  href: LunyScript.IScriptRuntimeContext.html
  name: IScriptRuntimeContext
  nameWithType: IScriptRuntimeContext
  fullName: LunyScript.IScriptRuntimeContext
- uid: LunyScript
  commentId: N:LunyScript
  isExternal: true
  href: LunyScript.html
  name: LunyScript
  nameWithType: LunyScript
  fullName: LunyScript
